// !$*UTF8*$!
{
	archiveVersion = 1;
	classes = {
	};
	objectVersion = 50;
	objects = {

/* Begin PBXBuildFile section */
		A67A73B025C87D3C00F6B7EA /* MainScreenViewController.swift in Sources */ = {isa = PBXBuildFile; fileRef = A67A73AF25C87D3C00F6B7EA /* MainScreenViewController.swift */; };
		A67A73B625C87F9C00F6B7EA /* ServiceKeywords.swift in Sources */ = {isa = PBXBuildFile; fileRef = A67A73B225C87F9B00F6B7EA /* ServiceKeywords.swift */; };
		A67A73B725C87F9C00F6B7EA /* RequestURL.swift in Sources */ = {isa = PBXBuildFile; fileRef = A67A73B325C87F9C00F6B7EA /* RequestURL.swift */; };
		A67A73B925C87F9C00F6B7EA /* Requests.swift in Sources */ = {isa = PBXBuildFile; fileRef = A67A73B525C87F9C00F6B7EA /* Requests.swift */; };
		A68FE04025CC557B003767DB /* InputValidation.swift in Sources */ = {isa = PBXBuildFile; fileRef = A68FE03F25CC557B003767DB /* InputValidation.swift */; };
		A68FE04225CC55B4003767DB /* StringExtension.swift in Sources */ = {isa = PBXBuildFile; fileRef = A68FE04125CC55B4003767DB /* StringExtension.swift */; };
		A68FE04425CC5EBC003767DB /* defaultsKeys.swift in Sources */ = {isa = PBXBuildFile; fileRef = A68FE04325CC5EBC003767DB /* defaultsKeys.swift */; };
		A68FE04625CC5F12003767DB /* UserDefaults.swift in Sources */ = {isa = PBXBuildFile; fileRef = A68FE04525CC5F12003767DB /* UserDefaults.swift */; };
		A6D139A923BC19F600B79903 /* AppDelegate.swift in Sources */ = {isa = PBXBuildFile; fileRef = A6D139A823BC19F600B79903 /* AppDelegate.swift */; };
		A6D139AB23BC19F600B79903 /* SceneDelegate.swift in Sources */ = {isa = PBXBuildFile; fileRef = A6D139AA23BC19F600B79903 /* SceneDelegate.swift */; };
		A6D139AD23BC19F600B79903 /* ViewController.swift in Sources */ = {isa = PBXBuildFile; fileRef = A6D139AC23BC19F600B79903 /* ViewController.swift */; };
		A6D139B023BC19F600B79903 /* Main.storyboard in Resources */ = {isa = PBXBuildFile; fileRef = A6D139AE23BC19F600B79903 /* Main.storyboard */; };
		A6D139B223BC19F800B79903 /* Assets.xcassets in Resources */ = {isa = PBXBuildFile; fileRef = A6D139B123BC19F800B79903 /* Assets.xcassets */; };
		A6D139B523BC19F800B79903 /* LaunchScreen.storyboard in Resources */ = {isa = PBXBuildFile; fileRef = A6D139B323BC19F800B79903 /* LaunchScreen.storyboard */; };
		A6D139C023BC19F800B79903 /* FlyportAppTests.swift in Sources */ = {isa = PBXBuildFile; fileRef = A6D139BF23BC19F800B79903 /* FlyportAppTests.swift */; };
		A6D139CE25C86D7200B79903 /* SplashScreenViewModel.swift in Sources */ = {isa = PBXBuildFile; fileRef = A6D139CD25C86D7200B79903 /* SplashScreenViewModel.swift */; };
		A6D139D125C86FD500B79903 /* seguisym.ttf in Resources */ = {isa = PBXBuildFile; fileRef = A6D139D025C86FD500B79903 /* seguisym.ttf */; };
		A6DA1DC425C9B05100D1FFDE /* MainScreenViewModel.swift in Sources */ = {isa = PBXBuildFile; fileRef = A6DA1DC325C9B05100D1FFDE /* MainScreenViewModel.swift */; };
		A6DA1DC825C9BBE700D1FFDE /* Margin.swift in Sources */ = {isa = PBXBuildFile; fileRef = A6DA1DC725C9BBE700D1FFDE /* Margin.swift */; };
		A6DA1DCA25C9C3D200D1FFDE /* LoginViewController.swift in Sources */ = {isa = PBXBuildFile; fileRef = A6DA1DC925C9C3D200D1FFDE /* LoginViewController.swift */; };
		A6DA1DCC25C9C40600D1FFDE /* LoginViewModel.swift in Sources */ = {isa = PBXBuildFile; fileRef = A6DA1DCB25C9C40600D1FFDE /* LoginViewModel.swift */; };
		A6DBD0D025CB09CE0076CC96 /* RegistrationViewModel.swift in Sources */ = {isa = PBXBuildFile; fileRef = A6DBD0CF25CB09CE0076CC96 /* RegistrationViewModel.swift */; };
		A6DBD0D225CB0AAA0076CC96 /* RegistrationViewController.swift in Sources */ = {isa = PBXBuildFile; fileRef = A6DBD0D125CB0AAA0076CC96 /* RegistrationViewController.swift */; };
		A6DBD0D425CB1A3D0076CC96 /* LoginResponse.swift in Sources */ = {isa = PBXBuildFile; fileRef = A6DBD0D325CB1A3D0076CC96 /* LoginResponse.swift */; };
		A6DBD0D625CB1A8C0076CC96 /* LoginRequest.swift in Sources */ = {isa = PBXBuildFile; fileRef = A6DBD0D525CB1A8C0076CC96 /* LoginRequest.swift */; };
		A6DBD0D825CB1CA30076CC96 /* LoginService.swift in Sources */ = {isa = PBXBuildFile; fileRef = A6DBD0D725CB1CA30076CC96 /* LoginService.swift */; };
/* End PBXBuildFile section */

/* Begin PBXContainerItemProxy section */
		A6D139BC23BC19F800B79903 /* PBXContainerItemProxy */ = {
			isa = PBXContainerItemProxy;
			containerPortal = A6D1399D23BC19F600B79903 /* Project object */;
			proxyType = 1;
			remoteGlobalIDString = A6D139A423BC19F600B79903;
			remoteInfo = FlyportApp;
		};
/* End PBXContainerItemProxy section */

/* Begin PBXFileReference section */
		A67A73AF25C87D3C00F6B7EA /* MainScreenViewController.swift */ = {isa = PBXFileReference; lastKnownFileType = sourcecode.swift; path = MainScreenViewController.swift; sourceTree = "<group>"; };
		A67A73B225C87F9B00F6B7EA /* ServiceKeywords.swift */ = {isa = PBXFileReference; fileEncoding = 4; lastKnownFileType = sourcecode.swift; name = ServiceKeywords.swift; path = ../../../Servers/Services/ServiceKeywords.swift; sourceTree = "<group>"; };
		A67A73B325C87F9C00F6B7EA /* RequestURL.swift */ = {isa = PBXFileReference; fileEncoding = 4; lastKnownFileType = sourcecode.swift; name = RequestURL.swift; path = ../../../Servers/Services/RequestURL.swift; sourceTree = "<group>"; };
		A67A73B525C87F9C00F6B7EA /* Requests.swift */ = {isa = PBXFileReference; fileEncoding = 4; lastKnownFileType = sourcecode.swift; name = Requests.swift; path = ../../../Servers/Services/Requests.swift; sourceTree = "<group>"; };
		A68FE03F25CC557B003767DB /* InputValidation.swift */ = {isa = PBXFileReference; lastKnownFileType = sourcecode.swift; path = InputValidation.swift; sourceTree = "<group>"; };
		A68FE04125CC55B4003767DB /* StringExtension.swift */ = {isa = PBXFileReference; lastKnownFileType = sourcecode.swift; path = StringExtension.swift; sourceTree = "<group>"; };
		A68FE04325CC5EBC003767DB /* defaultsKeys.swift */ = {isa = PBXFileReference; lastKnownFileType = sourcecode.swift; path = defaultsKeys.swift; sourceTree = "<group>"; };
		A68FE04525CC5F12003767DB /* UserDefaults.swift */ = {isa = PBXFileReference; lastKnownFileType = sourcecode.swift; path = UserDefaults.swift; sourceTree = "<group>"; };
		A6D139A523BC19F600B79903 /* FlyportApp.app */ = {isa = PBXFileReference; explicitFileType = wrapper.application; includeInIndex = 0; path = FlyportApp.app; sourceTree = BUILT_PRODUCTS_DIR; };
		A6D139A823BC19F600B79903 /* AppDelegate.swift */ = {isa = PBXFileReference; lastKnownFileType = sourcecode.swift; path = AppDelegate.swift; sourceTree = "<group>"; };
		A6D139AA23BC19F600B79903 /* SceneDelegate.swift */ = {isa = PBXFileReference; lastKnownFileType = sourcecode.swift; path = SceneDelegate.swift; sourceTree = "<group>"; };
		A6D139AC23BC19F600B79903 /* ViewController.swift */ = {isa = PBXFileReference; lastKnownFileType = sourcecode.swift; path = ViewController.swift; sourceTree = "<group>"; };
		A6D139AF23BC19F600B79903 /* Base */ = {isa = PBXFileReference; lastKnownFileType = file.storyboard; name = Base; path = Base.lproj/Main.storyboard; sourceTree = "<group>"; };
		A6D139B123BC19F800B79903 /* Assets.xcassets */ = {isa = PBXFileReference; lastKnownFileType = folder.assetcatalog; path = Assets.xcassets; sourceTree = "<group>"; };
		A6D139B423BC19F800B79903 /* Base */ = {isa = PBXFileReference; lastKnownFileType = file.storyboard; name = Base; path = Base.lproj/LaunchScreen.storyboard; sourceTree = "<group>"; };
		A6D139B623BC19F800B79903 /* Info.plist */ = {isa = PBXFileReference; lastKnownFileType = text.plist.xml; path = Info.plist; sourceTree = "<group>"; };
		A6D139BB23BC19F800B79903 /* FlyportAppTests.xctest */ = {isa = PBXFileReference; explicitFileType = wrapper.cfbundle; includeInIndex = 0; path = FlyportAppTests.xctest; sourceTree = BUILT_PRODUCTS_DIR; };
		A6D139BF23BC19F800B79903 /* FlyportAppTests.swift */ = {isa = PBXFileReference; lastKnownFileType = sourcecode.swift; path = FlyportAppTests.swift; sourceTree = "<group>"; };
		A6D139C123BC19F800B79903 /* Info.plist */ = {isa = PBXFileReference; lastKnownFileType = text.plist.xml; path = Info.plist; sourceTree = "<group>"; };
		A6D139CD25C86D7200B79903 /* SplashScreenViewModel.swift */ = {isa = PBXFileReference; lastKnownFileType = sourcecode.swift; path = SplashScreenViewModel.swift; sourceTree = "<group>"; };
		A6D139D025C86FD500B79903 /* seguisym.ttf */ = {isa = PBXFileReference; lastKnownFileType = file; name = seguisym.ttf; path = ../../../../Downloads/segoeuisymbol/seguisym.ttf; sourceTree = "<group>"; };
		A6DA1DC325C9B05100D1FFDE /* MainScreenViewModel.swift */ = {isa = PBXFileReference; lastKnownFileType = sourcecode.swift; path = MainScreenViewModel.swift; sourceTree = "<group>"; };
		A6DA1DC725C9BBE700D1FFDE /* Margin.swift */ = {isa = PBXFileReference; lastKnownFileType = sourcecode.swift; path = Margin.swift; sourceTree = "<group>"; };
		A6DA1DC925C9C3D200D1FFDE /* LoginViewController.swift */ = {isa = PBXFileReference; lastKnownFileType = sourcecode.swift; path = LoginViewController.swift; sourceTree = "<group>"; };
		A6DA1DCB25C9C40600D1FFDE /* LoginViewModel.swift */ = {isa = PBXFileReference; lastKnownFileType = sourcecode.swift; path = LoginViewModel.swift; sourceTree = "<group>"; };
		A6DBD0CF25CB09CE0076CC96 /* RegistrationViewModel.swift */ = {isa = PBXFileReference; lastKnownFileType = sourcecode.swift; path = RegistrationViewModel.swift; sourceTree = "<group>"; };
		A6DBD0D125CB0AAA0076CC96 /* RegistrationViewController.swift */ = {isa = PBXFileReference; lastKnownFileType = sourcecode.swift; path = RegistrationViewController.swift; sourceTree = "<group>"; };
		A6DBD0D325CB1A3D0076CC96 /* LoginResponse.swift */ = {isa = PBXFileReference; lastKnownFileType = sourcecode.swift; path = LoginResponse.swift; sourceTree = "<group>"; };
		A6DBD0D525CB1A8C0076CC96 /* LoginRequest.swift */ = {isa = PBXFileReference; lastKnownFileType = sourcecode.swift; path = LoginRequest.swift; sourceTree = "<group>"; };
		A6DBD0D725CB1CA30076CC96 /* LoginService.swift */ = {isa = PBXFileReference; lastKnownFileType = sourcecode.swift; path = LoginService.swift; sourceTree = "<group>"; };
/* End PBXFileReference section */

/* Begin PBXFrameworksBuildPhase section */
		A6D139A223BC19F600B79903 /* Frameworks */ = {
			isa = PBXFrameworksBuildPhase;
			buildActionMask = 2147483647;
			files = (
			);
			runOnlyForDeploymentPostprocessing = 0;
		};
		A6D139B823BC19F800B79903 /* Frameworks */ = {
			isa = PBXFrameworksBuildPhase;
			buildActionMask = 2147483647;
			files = (
			);
			runOnlyForDeploymentPostprocessing = 0;
		};
/* End PBXFrameworksBuildPhase section */

/* Begin PBXGroup section */
		A67A73B125C87F7C00F6B7EA /* Services */ = {
			isa = PBXGroup;
			children = (
				A67A73B525C87F9C00F6B7EA /* Requests.swift */,
				A67A73B325C87F9C00F6B7EA /* RequestURL.swift */,
				A67A73B225C87F9B00F6B7EA /* ServiceKeywords.swift */,
				A6DBD0D725CB1CA30076CC96 /* LoginService.swift */,
			);
			path = Services;
			sourceTree = "<group>";
		};
		A68FE03E25CC555A003767DB /* Validation */ = {
			isa = PBXGroup;
			children = (
				A68FE03F25CC557B003767DB /* InputValidation.swift */,
			);
			path = Validation;
			sourceTree = "<group>";
		};
		A6D1399C23BC19F600B79903 = {
			isa = PBXGroup;
			children = (
				A6D139A723BC19F600B79903 /* FlyportApp */,
				A6D139BE23BC19F800B79903 /* FlyportAppTests */,
				A6D139A623BC19F600B79903 /* Products */,
			);
			sourceTree = "<group>";
		};
		A6D139A623BC19F600B79903 /* Products */ = {
			isa = PBXGroup;
			children = (
				A6D139A523BC19F600B79903 /* FlyportApp.app */,
				A6D139BB23BC19F800B79903 /* FlyportAppTests.xctest */,
			);
			name = Products;
			sourceTree = "<group>";
		};
		A6D139A723BC19F600B79903 /* FlyportApp */ = {
			isa = PBXGroup;
			children = (
				A68FE03E25CC555A003767DB /* Validation */,
				A6DA1DC525C9BBC200D1FFDE /* Extensions */,
				A67A73B125C87F7C00F6B7EA /* Services */,
				A6D139CF25C86FB100B79903 /* Fonts */,
				A6D139CC25C86D4700B79903 /* Models */,
				A6D139CB25C86D3F00B79903 /* ViewModels */,
				A6D139CA25C86D2E00B79903 /* ViewControllers */,
				A6D139A823BC19F600B79903 /* AppDelegate.swift */,
				A6D139AA23BC19F600B79903 /* SceneDelegate.swift */,
				A6D139AE23BC19F600B79903 /* Main.storyboard */,
				A6D139B123BC19F800B79903 /* Assets.xcassets */,
				A6D139B323BC19F800B79903 /* LaunchScreen.storyboard */,
				A6D139B623BC19F800B79903 /* Info.plist */,
			);
			path = FlyportApp;
			sourceTree = "<group>";
		};
		A6D139BE23BC19F800B79903 /* FlyportAppTests */ = {
			isa = PBXGroup;
			children = (
				A6D139BF23BC19F800B79903 /* FlyportAppTests.swift */,
				A6D139C123BC19F800B79903 /* Info.plist */,
			);
			path = FlyportAppTests;
			sourceTree = "<group>";
		};
		A6D139CA25C86D2E00B79903 /* ViewControllers */ = {
			isa = PBXGroup;
			children = (
				A6D139AC23BC19F600B79903 /* ViewController.swift */,
				A67A73AF25C87D3C00F6B7EA /* MainScreenViewController.swift */,
				A6DA1DC925C9C3D200D1FFDE /* LoginViewController.swift */,
				A6DBD0D125CB0AAA0076CC96 /* RegistrationViewController.swift */,
			);
			path = ViewControllers;
			sourceTree = "<group>";
		};
		A6D139CB25C86D3F00B79903 /* ViewModels */ = {
			isa = PBXGroup;
			children = (
				A6D139CD25C86D7200B79903 /* SplashScreenViewModel.swift */,
				A6DA1DC325C9B05100D1FFDE /* MainScreenViewModel.swift */,
				A6DA1DCB25C9C40600D1FFDE /* LoginViewModel.swift */,
				A6DBD0CF25CB09CE0076CC96 /* RegistrationViewModel.swift */,
			);
			path = ViewModels;
			sourceTree = "<group>";
		};
		A6D139CC25C86D4700B79903 /* Models */ = {
			isa = PBXGroup;
			children = (
				A6DBD0D325CB1A3D0076CC96 /* LoginResponse.swift */,
				A6DBD0D525CB1A8C0076CC96 /* LoginRequest.swift */,
			);
			path = Models;
			sourceTree = "<group>";
		};
		A6D139CF25C86FB100B79903 /* Fonts */ = {
			isa = PBXGroup;
			children = (
				A6D139D025C86FD500B79903 /* seguisym.ttf */,
			);
			path = Fonts;
			sourceTree = "<group>";
		};
		A6DA1DC525C9BBC200D1FFDE /* Extensions */ = {
			isa = PBXGroup;
			children = (
				A6DA1DC725C9BBE700D1FFDE /* Margin.swift */,
				A68FE04125CC55B4003767DB /* StringExtension.swift */,
				A68FE04325CC5EBC003767DB /* defaultsKeys.swift */,
				A68FE04525CC5F12003767DB /* UserDefaults.swift */,
			);
			path = Extensions;
			sourceTree = "<group>";
		};
/* End PBXGroup section */

/* Begin PBXNativeTarget section */
		A6D139A423BC19F600B79903 /* FlyportApp */ = {
			isa = PBXNativeTarget;
			buildConfigurationList = A6D139C423BC19F800B79903 /* Build configuration list for PBXNativeTarget "FlyportApp" */;
			buildPhases = (
				A6D139A123BC19F600B79903 /* Sources */,
				A6D139A223BC19F600B79903 /* Frameworks */,
				A6D139A323BC19F600B79903 /* Resources */,
			);
			buildRules = (
			);
			dependencies = (
			);
			name = FlyportApp;
			productName = FlyportApp;
			productReference = A6D139A523BC19F600B79903 /* FlyportApp.app */;
			productType = "com.apple.product-type.application";
		};
		A6D139BA23BC19F800B79903 /* FlyportAppTests */ = {
			isa = PBXNativeTarget;
			buildConfigurationList = A6D139C723BC19F800B79903 /* Build configuration list for PBXNativeTarget "FlyportAppTests" */;
			buildPhases = (
				A6D139B723BC19F800B79903 /* Sources */,
				A6D139B823BC19F800B79903 /* Frameworks */,
				A6D139B923BC19F800B79903 /* Resources */,
			);
			buildRules = (
			);
			dependencies = (
				A6D139BD23BC19F800B79903 /* PBXTargetDependency */,
			);
			name = FlyportAppTests;
			productName = FlyportAppTests;
			productReference = A6D139BB23BC19F800B79903 /* FlyportAppTests.xctest */;
			productType = "com.apple.product-type.bundle.unit-test";
		};
/* End PBXNativeTarget section */

/* Begin PBXProject section */
		A6D1399D23BC19F600B79903 /* Project object */ = {
			isa = PBXProject;
			attributes = {
				LastSwiftUpdateCheck = 1140;
				LastUpgradeCheck = 1140;
				ORGANIZATIONNAME = "Dovydas Kiriliauskas";
				TargetAttributes = {
					A6D139A423BC19F600B79903 = {
						CreatedOnToolsVersion = 11.4;
					};
					A6D139BA23BC19F800B79903 = {
						CreatedOnToolsVersion = 11.4;
						TestTargetID = A6D139A423BC19F600B79903;
					};
				};
			};
			buildConfigurationList = A6D139A023BC19F600B79903 /* Build configuration list for PBXProject "FlyportApp" */;
			compatibilityVersion = "Xcode 9.3";
			developmentRegion = en;
			hasScannedForEncodings = 0;
			knownRegions = (
				en,
				Base,
			);
			mainGroup = A6D1399C23BC19F600B79903;
			productRefGroup = A6D139A623BC19F600B79903 /* Products */;
			projectDirPath = "";
			projectRoot = "";
			targets = (
				A6D139A423BC19F600B79903 /* FlyportApp */,
				A6D139BA23BC19F800B79903 /* FlyportAppTests */,
			);
		};
/* End PBXProject section */

/* Begin PBXResourcesBuildPhase section */
		A6D139A323BC19F600B79903 /* Resources */ = {
			isa = PBXResourcesBuildPhase;
			buildActionMask = 2147483647;
			files = (
				A6D139B523BC19F800B79903 /* LaunchScreen.storyboard in Resources */,
				A6D139B223BC19F800B79903 /* Assets.xcassets in Resources */,
				A6D139D125C86FD500B79903 /* seguisym.ttf in Resources */,
				A6D139B023BC19F600B79903 /* Main.storyboard in Resources */,
			);
			runOnlyForDeploymentPostprocessing = 0;
		};
		A6D139B923BC19F800B79903 /* Resources */ = {
			isa = PBXResourcesBuildPhase;
			buildActionMask = 2147483647;
			files = (
			);
			runOnlyForDeploymentPostprocessing = 0;
		};
/* End PBXResourcesBuildPhase section */

/* Begin PBXSourcesBuildPhase section */
		A6D139A123BC19F600B79903 /* Sources */ = {
			isa = PBXSourcesBuildPhase;
			buildActionMask = 2147483647;
			files = (
				A6DBD0D825CB1CA30076CC96 /* LoginService.swift in Sources */,
				A6DA1DCA25C9C3D200D1FFDE /* LoginViewController.swift in Sources */,
				A6DBD0D625CB1A8C0076CC96 /* LoginRequest.swift in Sources */,
				A67A73B025C87D3C00F6B7EA /* MainScreenViewController.swift in Sources */,
				A6DA1DC425C9B05100D1FFDE /* MainScreenViewModel.swift in Sources */,
				A68FE04625CC5F12003767DB /* UserDefaults.swift in Sources */,
				A6DBD0D025CB09CE0076CC96 /* RegistrationViewModel.swift in Sources */,
				A6D139AD23BC19F600B79903 /* ViewController.swift in Sources */,
				A6DBD0D425CB1A3D0076CC96 /* LoginResponse.swift in Sources */,
				A67A73B925C87F9C00F6B7EA /* Requests.swift in Sources */,
				A67A73B625C87F9C00F6B7EA /* ServiceKeywords.swift in Sources */,
				A6D139CE25C86D7200B79903 /* SplashScreenViewModel.swift in Sources */,
				A68FE04425CC5EBC003767DB /* defaultsKeys.swift in Sources */,
				A6DBD0D225CB0AAA0076CC96 /* RegistrationViewController.swift in Sources */,
				A6DA1DCC25C9C40600D1FFDE /* LoginViewModel.swift in Sources */,
				A68FE04025CC557B003767DB /* InputValidation.swift in Sources */,
				A67A73B725C87F9C00F6B7EA /* RequestURL.swift in Sources */,
				A6D139A923BC19F600B79903 /* AppDelegate.swift in Sources */,
				A68FE04225CC55B4003767DB /* StringExtension.swift in Sources */,
				A6D139AB23BC19F600B79903 /* SceneDelegate.swift in Sources */,
				A6DA1DC825C9BBE700D1FFDE /* Margin.swift in Sources */,
			);
			runOnlyForDeploymentPostprocessing = 0;
		};
		A6D139B723BC19F800B79903 /* Sources */ = {
			isa = PBXSourcesBuildPhase;
			buildActionMask = 2147483647;
			files = (
				A6D139C023BC19F800B79903 /* FlyportAppTests.swift in Sources */,
			);
			runOnlyForDeploymentPostprocessing = 0;
		};
/* End PBXSourcesBuildPhase section */

/* Begin PBXTargetDependency section */
		A6D139BD23BC19F800B79903 /* PBXTargetDependency */ = {
			isa = PBXTargetDependency;
			target = A6D139A423BC19F600B79903 /* FlyportApp */;
			targetProxy = A6D139BC23BC19F800B79903 /* PBXContainerItemProxy */;
		};
/* End PBXTargetDependency section */

/* Begin PBXVariantGroup section */
		A6D139AE23BC19F600B79903 /* Main.storyboard */ = {
			isa = PBXVariantGroup;
			children = (
				A6D139AF23BC19F600B79903 /* Base */,
			);
			name = Main.storyboard;
			sourceTree = "<group>";
		};
		A6D139B323BC19F800B79903 /* LaunchScreen.storyboard */ = {
			isa = PBXVariantGroup;
			children = (
				A6D139B423BC19F800B79903 /* Base */,
			);
			name = LaunchScreen.storyboard;
			sourceTree = "<group>";
		};
/* End PBXVariantGroup section */

/* Begin XCBuildConfiguration section */
		A6D139C223BC19F800B79903 /* Debug */ = {
			isa = XCBuildConfiguration;
			buildSettings = {
				ALWAYS_SEARCH_USER_PATHS = NO;
				CLANG_ANALYZER_NONNULL = YES;
				CLANG_ANALYZER_NUMBER_OBJECT_CONVERSION = YES_AGGRESSIVE;
				CLANG_CXX_LANGUAGE_STANDARD = "gnu++14";
				CLANG_CXX_LIBRARY = "libc++";
				CLANG_ENABLE_MODULES = YES;
				CLANG_ENABLE_OBJC_ARC = YES;
				CLANG_ENABLE_OBJC_WEAK = YES;
				CLANG_WARN_BLOCK_CAPTURE_AUTORELEASING = YES;
				CLANG_WARN_BOOL_CONVERSION = YES;
				CLANG_WARN_COMMA = YES;
				CLANG_WARN_CONSTANT_CONVERSION = YES;
				CLANG_WARN_DEPRECATED_OBJC_IMPLEMENTATIONS = YES;
				CLANG_WARN_DIRECT_OBJC_ISA_USAGE = YES_ERROR;
				CLANG_WARN_DOCUMENTATION_COMMENTS = YES;
				CLANG_WARN_EMPTY_BODY = YES;
				CLANG_WARN_ENUM_CONVERSION = YES;
				CLANG_WARN_INFINITE_RECURSION = YES;
				CLANG_WARN_INT_CONVERSION = YES;
				CLANG_WARN_NON_LITERAL_NULL_CONVERSION = YES;
				CLANG_WARN_OBJC_IMPLICIT_RETAIN_SELF = YES;
				CLANG_WARN_OBJC_LITERAL_CONVERSION = YES;
				CLANG_WARN_OBJC_ROOT_CLASS = YES_ERROR;
				CLANG_WARN_RANGE_LOOP_ANALYSIS = YES;
				CLANG_WARN_STRICT_PROTOTYPES = YES;
				CLANG_WARN_SUSPICIOUS_MOVE = YES;
				CLANG_WARN_UNGUARDED_AVAILABILITY = YES_AGGRESSIVE;
				CLANG_WARN_UNREACHABLE_CODE = YES;
				CLANG_WARN__DUPLICATE_METHOD_MATCH = YES;
				COPY_PHASE_STRIP = NO;
				DEBUG_INFORMATION_FORMAT = dwarf;
				ENABLE_STRICT_OBJC_MSGSEND = YES;
				ENABLE_TESTABILITY = YES;
				GCC_C_LANGUAGE_STANDARD = gnu11;
				GCC_DYNAMIC_NO_PIC = NO;
				GCC_NO_COMMON_BLOCKS = YES;
				GCC_OPTIMIZATION_LEVEL = 0;
				GCC_PREPROCESSOR_DEFINITIONS = (
					"DEBUG=1",
					"$(inherited)",
				);
				GCC_WARN_64_TO_32_BIT_CONVERSION = YES;
				GCC_WARN_ABOUT_RETURN_TYPE = YES_ERROR;
				GCC_WARN_UNDECLARED_SELECTOR = YES;
				GCC_WARN_UNINITIALIZED_AUTOS = YES_AGGRESSIVE;
				GCC_WARN_UNUSED_FUNCTION = YES;
				GCC_WARN_UNUSED_VARIABLE = YES;
				IPHONEOS_DEPLOYMENT_TARGET = 13.4;
				MTL_ENABLE_DEBUG_INFO = INCLUDE_SOURCE;
				MTL_FAST_MATH = YES;
				ONLY_ACTIVE_ARCH = YES;
				SDKROOT = iphoneos;
				SWIFT_ACTIVE_COMPILATION_CONDITIONS = DEBUG;
				SWIFT_OPTIMIZATION_LEVEL = "-Onone";
			};
			name = Debug;
		};
		A6D139C323BC19F800B79903 /* Release */ = {
			isa = XCBuildConfiguration;
			buildSettings = {
				ALWAYS_SEARCH_USER_PATHS = NO;
				CLANG_ANALYZER_NONNULL = YES;
				CLANG_ANALYZER_NUMBER_OBJECT_CONVERSION = YES_AGGRESSIVE;
				CLANG_CXX_LANGUAGE_STANDARD = "gnu++14";
				CLANG_CXX_LIBRARY = "libc++";
				CLANG_ENABLE_MODULES = YES;
				CLANG_ENABLE_OBJC_ARC = YES;
				CLANG_ENABLE_OBJC_WEAK = YES;
				CLANG_WARN_BLOCK_CAPTURE_AUTORELEASING = YES;
				CLANG_WARN_BOOL_CONVERSION = YES;
				CLANG_WARN_COMMA = YES;
				CLANG_WARN_CONSTANT_CONVERSION = YES;
				CLANG_WARN_DEPRECATED_OBJC_IMPLEMENTATIONS = YES;
				CLANG_WARN_DIRECT_OBJC_ISA_USAGE = YES_ERROR;
				CLANG_WARN_DOCUMENTATION_COMMENTS = YES;
				CLANG_WARN_EMPTY_BODY = YES;
				CLANG_WARN_ENUM_CONVERSION = YES;
				CLANG_WARN_INFINITE_RECURSION = YES;
				CLANG_WARN_INT_CONVERSION = YES;
				CLANG_WARN_NON_LITERAL_NULL_CONVERSION = YES;
				CLANG_WARN_OBJC_IMPLICIT_RETAIN_SELF = YES;
				CLANG_WARN_OBJC_LITERAL_CONVERSION = YES;
				CLANG_WARN_OBJC_ROOT_CLASS = YES_ERROR;
				CLANG_WARN_RANGE_LOOP_ANALYSIS = YES;
				CLANG_WARN_STRICT_PROTOTYPES = YES;
				CLANG_WARN_SUSPICIOUS_MOVE = YES;
				CLANG_WARN_UNGUARDED_AVAILABILITY = YES_AGGRESSIVE;
				CLANG_WARN_UNREACHABLE_CODE = YES;
				CLANG_WARN__DUPLICATE_METHOD_MATCH = YES;
				COPY_PHASE_STRIP = NO;
				DEBUG_INFORMATION_FORMAT = "dwarf-with-dsym";
				ENABLE_NS_ASSERTIONS = NO;
				ENABLE_STRICT_OBJC_MSGSEND = YES;
				GCC_C_LANGUAGE_STANDARD = gnu11;
				GCC_NO_COMMON_BLOCKS = YES;
				GCC_WARN_64_TO_32_BIT_CONVERSION = YES;
				GCC_WARN_ABOUT_RETURN_TYPE = YES_ERROR;
				GCC_WARN_UNDECLARED_SELECTOR = YES;
				GCC_WARN_UNINITIALIZED_AUTOS = YES_AGGRESSIVE;
				GCC_WARN_UNUSED_FUNCTION = YES;
				GCC_WARN_UNUSED_VARIABLE = YES;
				IPHONEOS_DEPLOYMENT_TARGET = 13.4;
				MTL_ENABLE_DEBUG_INFO = NO;
				MTL_FAST_MATH = YES;
				SDKROOT = iphoneos;
				SWIFT_COMPILATION_MODE = wholemodule;
				SWIFT_OPTIMIZATION_LEVEL = "-O";
				VALIDATE_PRODUCT = YES;
			};
			name = Release;
		};
		A6D139C523BC19F800B79903 /* Debug */ = {
			isa = XCBuildConfiguration;
			buildSettings = {
				ASSETCATALOG_COMPILER_APPICON_NAME = AppIcon;
				CODE_SIGN_STYLE = Automatic;
				INFOPLIST_FILE = FlyportApp/Info.plist;
				LD_RUNPATH_SEARCH_PATHS = (
					"$(inherited)",
					"@executable_path/Frameworks",
				);
				PRODUCT_BUNDLE_IDENTIFIER = Flyport.FlyportApp;
				PRODUCT_NAME = "$(TARGET_NAME)";
				SWIFT_VERSION = 5.0;
				TARGETED_DEVICE_FAMILY = "1,2";
			};
			name = Debug;
		};
		A6D139C623BC19F800B79903 /* Release */ = {
			isa = XCBuildConfiguration;
			buildSettings = {
				ASSETCATALOG_COMPILER_APPICON_NAME = AppIcon;
				CODE_SIGN_STYLE = Automatic;
				INFOPLIST_FILE = FlyportApp/Info.plist;
				LD_RUNPATH_SEARCH_PATHS = (
					"$(inherited)",
					"@executable_path/Frameworks",
				);
				PRODUCT_BUNDLE_IDENTIFIER = Flyport.FlyportApp;
				PRODUCT_NAME = "$(TARGET_NAME)";
				SWIFT_VERSION = 5.0;
				TARGETED_DEVICE_FAMILY = "1,2";
			};
			name = Release;
		};
		A6D139C823BC19F800B79903 /* Debug */ = {
			isa = XCBuildConfiguration;
			buildSettings = {
				ALWAYS_EMBED_SWIFT_STANDARD_LIBRARIES = YES;
				BUNDLE_LOADER = "$(TEST_HOST)";
				CODE_SIGN_STYLE = Automatic;
				INFOPLIST_FILE = FlyportAppTests/Info.plist;
				IPHONEOS_DEPLOYMENT_TARGET = 13.4;
				LD_RUNPATH_SEARCH_PATHS = (
					"$(inherited)",
					"@executable_path/Frameworks",
					"@loader_path/Frameworks",
				);
				PRODUCT_BUNDLE_IDENTIFIER = Flyport.FlyportAppTests;
				PRODUCT_NAME = "$(TARGET_NAME)";
				SWIFT_VERSION = 5.0;
				TARGETED_DEVICE_FAMILY = "1,2";
				TEST_HOST = "$(BUILT_PRODUCTS_DIR)/FlyportApp.app/FlyportApp";
			};
			name = Debug;
		};
		A6D139C923BC19F800B79903 /* Release */ = {
			isa = XCBuildConfiguration;
			buildSettings = {
				ALWAYS_EMBED_SWIFT_STANDARD_LIBRARIES = YES;
				BUNDLE_LOADER = "$(TEST_HOST)";
				CODE_SIGN_STYLE = Automatic;
				INFOPLIST_FILE = FlyportAppTests/Info.plist;
				IPHONEOS_DEPLOYMENT_TARGET = 13.4;
				LD_RUNPATH_SEARCH_PATHS = (
					"$(inherited)",
					"@executable_path/Frameworks",
					"@loader_path/Frameworks",
				);
				PRODUCT_BUNDLE_IDENTIFIER = Flyport.FlyportAppTests;
				PRODUCT_NAME = "$(TARGET_NAME)";
				SWIFT_VERSION = 5.0;
				TARGETED_DEVICE_FAMILY = "1,2";
				TEST_HOST = "$(BUILT_PRODUCTS_DIR)/FlyportApp.app/FlyportApp";
			};
			name = Release;
		};
/* End XCBuildConfiguration section */

/* Begin XCConfigurationList section */
		A6D139A023BC19F600B79903 /* Build configuration list for PBXProject "FlyportApp" */ = {
			isa = XCConfigurationList;
			buildConfigurations = (
				A6D139C223BC19F800B79903 /* Debug */,
				A6D139C323BC19F800B79903 /* Release */,
			);
			defaultConfigurationIsVisible = 0;
			defaultConfigurationName = Release;
		};
		A6D139C423BC19F800B79903 /* Build configuration list for PBXNativeTarget "FlyportApp" */ = {
			isa = XCConfigurationList;
			buildConfigurations = (
				A6D139C523BC19F800B79903 /* Debug */,
				A6D139C623BC19F800B79903 /* Release */,
			);
			defaultConfigurationIsVisible = 0;
			defaultConfigurationName = Release;
		};
		A6D139C723BC19F800B79903 /* Build configuration list for PBXNativeTarget "FlyportAppTests" */ = {
			isa = XCConfigurationList;
			buildConfigurations = (
				A6D139C823BC19F800B79903 /* Debug */,
				A6D139C923BC19F800B79903 /* Release */,
			);
			defaultConfigurationIsVisible = 0;
			defaultConfigurationName = Release;
		};
/* End XCConfigurationList section */
	};
	rootObject = A6D1399D23BC19F600B79903 /* Project object */;
}
