// !$*UTF8*$!
{
	archiveVersion = 1;
	classes = {
	};
	objectVersion = 52;
	objects = {

/* Begin PBXBuildFile section */
		A615311525DECC3A005C8A04 /* ProfileViewModel.swift in Sources */ = {isa = PBXBuildFile; fileRef = A615311425DECC3A005C8A04 /* ProfileViewModel.swift */; };
		A615311725DEDF9F005C8A04 /* UpdateProfileModel.swift in Sources */ = {isa = PBXBuildFile; fileRef = A615311625DEDF9F005C8A04 /* UpdateProfileModel.swift */; };
		A619B61125E55F5700CA1ACA /* RegisteredLuggageViewModel.swift in Sources */ = {isa = PBXBuildFile; fileRef = A619B61025E55F5700CA1ACA /* RegisteredLuggageViewModel.swift */; };
		A619B61325E55FCA00CA1ACA /* RegisteredLuggageViewController.swift in Sources */ = {isa = PBXBuildFile; fileRef = A619B61225E55FCA00CA1ACA /* RegisteredLuggageViewController.swift */; };
		A619B61525E5660500CA1ACA /* RegistrationTableViewModel.swift in Sources */ = {isa = PBXBuildFile; fileRef = A619B61425E5660500CA1ACA /* RegistrationTableViewModel.swift */; };
		A619B61725E5674800CA1ACA /* AviationSecurityViewModel.swift in Sources */ = {isa = PBXBuildFile; fileRef = A619B61625E5674800CA1ACA /* AviationSecurityViewModel.swift */; };
		A619B61925E5679900CA1ACA /* PassportControlPostViewModel.swift in Sources */ = {isa = PBXBuildFile; fileRef = A619B61825E5679900CA1ACA /* PassportControlPostViewModel.swift */; };
		A619B61B25E567E800CA1ACA /* BoardingGatesViewModel.swift in Sources */ = {isa = PBXBuildFile; fileRef = A619B61A25E567E800CA1ACA /* BoardingGatesViewModel.swift */; };
		A619B61D25E5684500CA1ACA /* OnboardingCompletedViewModel.swift in Sources */ = {isa = PBXBuildFile; fileRef = A619B61C25E5684500CA1ACA /* OnboardingCompletedViewModel.swift */; };
		A619B61F25E568BD00CA1ACA /* QRCodeViewModel.swift in Sources */ = {isa = PBXBuildFile; fileRef = A619B61E25E568BD00CA1ACA /* QRCodeViewModel.swift */; };
		A619B62125E5694400CA1ACA /* RegistrationTableViewController.swift in Sources */ = {isa = PBXBuildFile; fileRef = A619B62025E5694400CA1ACA /* RegistrationTableViewController.swift */; };
		A619B62325E5737C00CA1ACA /* AviationSecurityViewController.swift in Sources */ = {isa = PBXBuildFile; fileRef = A619B62225E5737C00CA1ACA /* AviationSecurityViewController.swift */; };
		A619B62525E5752200CA1ACA /* PassportControlViewController.swift in Sources */ = {isa = PBXBuildFile; fileRef = A619B62425E5752200CA1ACA /* PassportControlViewController.swift */; };
		A619B62725E575A300CA1ACA /* BoardingGatesViewController.swift in Sources */ = {isa = PBXBuildFile; fileRef = A619B62625E575A300CA1ACA /* BoardingGatesViewController.swift */; };
		A619B62925E576F500CA1ACA /* OnboardingCompletedViewController.swift in Sources */ = {isa = PBXBuildFile; fileRef = A619B62825E576F500CA1ACA /* OnboardingCompletedViewController.swift */; };
		A61AAF8525D19A9B003A107B /* RegistrationPersonalDataViewController.swift in Sources */ = {isa = PBXBuildFile; fileRef = A61AAF8425D19A9B003A107B /* RegistrationPersonalDataViewController.swift */; };
		A61AAF8725D1B251003A107B /* TabBarViewModel.swift in Sources */ = {isa = PBXBuildFile; fileRef = A61AAF8625D1B251003A107B /* TabBarViewModel.swift */; };
		A61AAF8925D1B2BA003A107B /* TabBarViewController.swift in Sources */ = {isa = PBXBuildFile; fileRef = A61AAF8825D1B2BA003A107B /* TabBarViewController.swift */; };
		A61AAF8B25D1B319003A107B /* ProfileViewController.swift in Sources */ = {isa = PBXBuildFile; fileRef = A61AAF8A25D1B319003A107B /* ProfileViewController.swift */; };
		A61AAF8D25D1B3E4003A107B /* MyFlightsViewController.swift in Sources */ = {isa = PBXBuildFile; fileRef = A61AAF8C25D1B3E4003A107B /* MyFlightsViewController.swift */; };
		A61AAF8F25D1B478003A107B /* SettingsViewController.swift in Sources */ = {isa = PBXBuildFile; fileRef = A61AAF8E25D1B478003A107B /* SettingsViewController.swift */; };
		A61AAF9125D1BB7E003A107B /* HomeViewController.swift in Sources */ = {isa = PBXBuildFile; fileRef = A61AAF9025D1BB7E003A107B /* HomeViewController.swift */; };
		A62DE1852605115A00DC7A0D /* MyFlightsViewModelTests.swift in Sources */ = {isa = PBXBuildFile; fileRef = A62DE1842605115A00DC7A0D /* MyFlightsViewModelTests.swift */; };
		A62DE1872605181300DC7A0D /* TabBarViewModelTests.swift in Sources */ = {isa = PBXBuildFile; fileRef = A62DE1862605181300DC7A0D /* TabBarViewModelTests.swift */; };
		A62DE189260518F200DC7A0D /* SplashScreenViewModelTests.swift in Sources */ = {isa = PBXBuildFile; fileRef = A62DE188260518F200DC7A0D /* SplashScreenViewModelTests.swift */; };
		A62DE18B260519A000DC7A0D /* MainScreenViewModelTests.swift in Sources */ = {isa = PBXBuildFile; fileRef = A62DE18A260519A000DC7A0D /* MainScreenViewModelTests.swift */; };
		A62DE18D26051AE800DC7A0D /* LoginViewModelTests.swift in Sources */ = {isa = PBXBuildFile; fileRef = A62DE18C26051AE800DC7A0D /* LoginViewModelTests.swift */; };
		A634387525E4159300070784 /* FlightNumberViewController.swift in Sources */ = {isa = PBXBuildFile; fileRef = A634387425E4159300070784 /* FlightNumberViewController.swift */; };
		A634387725E415B600070784 /* FlightNumberViewModel.swift in Sources */ = {isa = PBXBuildFile; fileRef = A634387625E415B600070784 /* FlightNumberViewModel.swift */; };
		A634387925E428AD00070784 /* FlightDateViewModel.swift in Sources */ = {isa = PBXBuildFile; fileRef = A634387825E428AD00070784 /* FlightDateViewModel.swift */; };
		A634387B25E4299B00070784 /* FlightDateViewController.swift in Sources */ = {isa = PBXBuildFile; fileRef = A634387A25E4299B00070784 /* FlightDateViewController.swift */; };
		A65EFD4625E6B4520032C0CC /* FlightSearchRequestModel.swift in Sources */ = {isa = PBXBuildFile; fileRef = A65EFD4525E6B4520032C0CC /* FlightSearchRequestModel.swift */; };
		A65EFD4825E6B5C90032C0CC /* FlightInfoModel.swift in Sources */ = {isa = PBXBuildFile; fileRef = A65EFD4725E6B5C90032C0CC /* FlightInfoModel.swift */; };
		A65EFD4A25E6B74D0032C0CC /* UserFlightCreationModel.swift in Sources */ = {isa = PBXBuildFile; fileRef = A65EFD4925E6B74D0032C0CC /* UserFlightCreationModel.swift */; };
		A65EFD4C25E6B7A20032C0CC /* UserFlightCreationResponseModel.swift in Sources */ = {isa = PBXBuildFile; fileRef = A65EFD4B25E6B7A20032C0CC /* UserFlightCreationResponseModel.swift */; };
		A65EFD5025E6B8730032C0CC /* AirportPointModel.swift in Sources */ = {isa = PBXBuildFile; fileRef = A65EFD4F25E6B8730032C0CC /* AirportPointModel.swift */; };
		A65EFD5225E6C0020032C0CC /* AirportPointService.swift in Sources */ = {isa = PBXBuildFile; fileRef = A65EFD5125E6C0020032C0CC /* AirportPointService.swift */; };
		A65F4E70260773060039006C /* ProfileViewModelTests.swift in Sources */ = {isa = PBXBuildFile; fileRef = A65F4E6F260773060039006C /* ProfileViewModelTests.swift */; };
		A65F4E7226077D1E0039006C /* FlightNumberViewModelTests.swift in Sources */ = {isa = PBXBuildFile; fileRef = A65F4E7126077D1E0039006C /* FlightNumberViewModelTests.swift */; };
		A65F4E7426077E450039006C /* FlightDateViewModelTests.swift in Sources */ = {isa = PBXBuildFile; fileRef = A65F4E7326077E450039006C /* FlightDateViewModelTests.swift */; };
		A65F4E76260782050039006C /* RegisteredLuggageViewModelTests.swift in Sources */ = {isa = PBXBuildFile; fileRef = A65F4E75260782050039006C /* RegisteredLuggageViewModelTests.swift */; };
		A65F4E782607850F0039006C /* RegistrationTableViewModelTests.swift in Sources */ = {isa = PBXBuildFile; fileRef = A65F4E772607850F0039006C /* RegistrationTableViewModelTests.swift */; };
		A65F4E7A26078CBE0039006C /* PassportControlPostViewModelTests.swift in Sources */ = {isa = PBXBuildFile; fileRef = A65F4E7926078CBE0039006C /* PassportControlPostViewModelTests.swift */; };
		A65F4E7C26078E5A0039006C /* BoardingGatesViewModelTests.swift in Sources */ = {isa = PBXBuildFile; fileRef = A65F4E7B26078E5A0039006C /* BoardingGatesViewModelTests.swift */; };
		A65F4E7E26078F710039006C /* OnboardingCompletedViewModelTests.swift in Sources */ = {isa = PBXBuildFile; fileRef = A65F4E7D26078F710039006C /* OnboardingCompletedViewModelTests.swift */; };
		A65F4E80260791580039006C /* QRCodeViewModelTests.swift in Sources */ = {isa = PBXBuildFile; fileRef = A65F4E7F260791580039006C /* QRCodeViewModelTests.swift */; };
		A65F4E82260792C20039006C /* SelectedFlightViewModelTests.swift in Sources */ = {isa = PBXBuildFile; fileRef = A65F4E81260792C20039006C /* SelectedFlightViewModelTests.swift */; };
		A65F4E84260795B70039006C /* MapViewModelTests.swift in Sources */ = {isa = PBXBuildFile; fileRef = A65F4E83260795B70039006C /* MapViewModelTests.swift */; };
		A65F4E86260796EF0039006C /* AirlinesEnumTests.swift in Sources */ = {isa = PBXBuildFile; fileRef = A65F4E85260796EF0039006C /* AirlinesEnumTests.swift */; };
		A65F4E88260798300039006C /* RequestURLTests.swift in Sources */ = {isa = PBXBuildFile; fileRef = A65F4E87260798300039006C /* RequestURLTests.swift */; };
		A67839F125FE3D8F005ADFA3 /* AviationSecurityViewModelTests.swift in Sources */ = {isa = PBXBuildFile; fileRef = A67839F025FE3D8F005ADFA3 /* AviationSecurityViewModelTests.swift */; };
		A678C1AE25DD76F40079AC05 /* FlightAirportPointModel.swift in Sources */ = {isa = PBXBuildFile; fileRef = A678C1AD25DD76F40079AC05 /* FlightAirportPointModel.swift */; };
		A678C1B025DD77600079AC05 /* FlightAirportPointsModel.swift in Sources */ = {isa = PBXBuildFile; fileRef = A678C1AF25DD77600079AC05 /* FlightAirportPointsModel.swift */; };
		A678C1B225DD79140079AC05 /* FlightAirportPointsViewModel.swift in Sources */ = {isa = PBXBuildFile; fileRef = A678C1B125DD79140079AC05 /* FlightAirportPointsViewModel.swift */; };
		A678C1B425DD7B140079AC05 /* FlightAirportPointsViewController.swift in Sources */ = {isa = PBXBuildFile; fileRef = A678C1B325DD7B140079AC05 /* FlightAirportPointsViewController.swift */; };
		A678C1B625DD7E4F0079AC05 /* AirportPointCardView.swift in Sources */ = {isa = PBXBuildFile; fileRef = A678C1B525DD7E4F0079AC05 /* AirportPointCardView.swift */; };
		A67A73B025C87D3C00F6B7EA /* MainScreenViewController.swift in Sources */ = {isa = PBXBuildFile; fileRef = A67A73AF25C87D3C00F6B7EA /* MainScreenViewController.swift */; };
		A67A73B625C87F9C00F6B7EA /* ServiceKeywords.swift in Sources */ = {isa = PBXBuildFile; fileRef = A67A73B225C87F9B00F6B7EA /* ServiceKeywords.swift */; };
		A67A73B725C87F9C00F6B7EA /* RequestURL.swift in Sources */ = {isa = PBXBuildFile; fileRef = A67A73B325C87F9C00F6B7EA /* RequestURL.swift */; };
		A67A73B925C87F9C00F6B7EA /* Requests.swift in Sources */ = {isa = PBXBuildFile; fileRef = A67A73B525C87F9C00F6B7EA /* Requests.swift */; };
		A682313C2624A6E300B3B0DB /* LoadingContent.swift in Sources */ = {isa = PBXBuildFile; fileRef = A682313B2624A6E300B3B0DB /* LoadingContent.swift */; };
		A68EA08B25EABA3D00D9442A /* QRCodeViewController.swift in Sources */ = {isa = PBXBuildFile; fileRef = A68EA08A25EABA3D00D9442A /* QRCodeViewController.swift */; };
		A68EA08D25EABAC900D9442A /* RegistrationPointQRCodeData.swift in Sources */ = {isa = PBXBuildFile; fileRef = A68EA08C25EABAC900D9442A /* RegistrationPointQRCodeData.swift */; };
		A68FE04025CC557B003767DB /* InputValidation.swift in Sources */ = {isa = PBXBuildFile; fileRef = A68FE03F25CC557B003767DB /* InputValidation.swift */; };
		A68FE04225CC55B4003767DB /* StringExtension.swift in Sources */ = {isa = PBXBuildFile; fileRef = A68FE04125CC55B4003767DB /* StringExtension.swift */; };
		A68FE04425CC5EBC003767DB /* defaultsKeys.swift in Sources */ = {isa = PBXBuildFile; fileRef = A68FE04325CC5EBC003767DB /* defaultsKeys.swift */; };
		A68FE04625CC5F12003767DB /* UserDefaults.swift in Sources */ = {isa = PBXBuildFile; fileRef = A68FE04525CC5F12003767DB /* UserDefaults.swift */; };
		A68FE04825CC70FB003767DB /* RegistrationRequestModel.swift in Sources */ = {isa = PBXBuildFile; fileRef = A68FE04725CC70FB003767DB /* RegistrationRequestModel.swift */; };
		A69F8C9E25D2EB6F008884CC /* UserProfileModel.swift in Sources */ = {isa = PBXBuildFile; fileRef = A69F8C9D25D2EB6F008884CC /* UserProfileModel.swift */; };
		A69F8CA025D2EB8C008884CC /* UserLoginInfoModel.swift in Sources */ = {isa = PBXBuildFile; fileRef = A69F8C9F25D2EB8C008884CC /* UserLoginInfoModel.swift */; };
		A69F8CA225D2EB9C008884CC /* UserPersonalInfoModel.swift in Sources */ = {isa = PBXBuildFile; fileRef = A69F8CA125D2EB9C008884CC /* UserPersonalInfoModel.swift */; };
		A69F8CA425D3010A008884CC /* UserFlightsService.swift in Sources */ = {isa = PBXBuildFile; fileRef = A69F8CA325D3010A008884CC /* UserFlightsService.swift */; };
		A69F8CA625D3018D008884CC /* UserFlightModel.swift in Sources */ = {isa = PBXBuildFile; fileRef = A69F8CA525D3018D008884CC /* UserFlightModel.swift */; };
		A69F8CA825D302AA008884CC /* UserFlightsModel.swift in Sources */ = {isa = PBXBuildFile; fileRef = A69F8CA725D302AA008884CC /* UserFlightsModel.swift */; };
		A6A7AB8425E7F95A0092371A /* SelectedFlightViewController.swift in Sources */ = {isa = PBXBuildFile; fileRef = A6A7AB8325E7F95A0092371A /* SelectedFlightViewController.swift */; };
		A6A7AB8625E7F97A0092371A /* SelectedFlightViewModel.swift in Sources */ = {isa = PBXBuildFile; fileRef = A6A7AB8525E7F97A0092371A /* SelectedFlightViewModel.swift */; };
		A6B4782A261CAE2800FD1165 /* NVActivityIndicatorView in Frameworks */ = {isa = PBXBuildFile; productRef = A6B47829261CAE2800FD1165 /* NVActivityIndicatorView */; };
		A6B4782C261CAE2800FD1165 /* NVActivityIndicatorViewExtended in Frameworks */ = {isa = PBXBuildFile; productRef = A6B4782B261CAE2800FD1165 /* NVActivityIndicatorViewExtended */; };
		A6C2E46225FBD1110062314C /* Localizable.strings in Resources */ = {isa = PBXBuildFile; fileRef = A6C2E46425FBD1110062314C /* Localizable.strings */; };
		A6C2E46825FBD1C20062314C /* Localizable.strings in Resources */ = {isa = PBXBuildFile; fileRef = A6C2E46A25FBD1C20062314C /* Localizable.strings */; };
		A6C2E46E25FBD4690062314C /* LocalizationKeys.swift in Sources */ = {isa = PBXBuildFile; fileRef = A6C2E46D25FBD4690062314C /* LocalizationKeys.swift */; };
		A6D139A923BC19F600B79903 /* AppDelegate.swift in Sources */ = {isa = PBXBuildFile; fileRef = A6D139A823BC19F600B79903 /* AppDelegate.swift */; };
		A6D139AB23BC19F600B79903 /* SceneDelegate.swift in Sources */ = {isa = PBXBuildFile; fileRef = A6D139AA23BC19F600B79903 /* SceneDelegate.swift */; };
		A6D139AD23BC19F600B79903 /* ViewController.swift in Sources */ = {isa = PBXBuildFile; fileRef = A6D139AC23BC19F600B79903 /* ViewController.swift */; };
		A6D139B023BC19F600B79903 /* Main.storyboard in Resources */ = {isa = PBXBuildFile; fileRef = A6D139AE23BC19F600B79903 /* Main.storyboard */; };
		A6D139B223BC19F800B79903 /* Assets.xcassets in Resources */ = {isa = PBXBuildFile; fileRef = A6D139B123BC19F800B79903 /* Assets.xcassets */; };
		A6D139B523BC19F800B79903 /* LaunchScreen.storyboard in Resources */ = {isa = PBXBuildFile; fileRef = A6D139B323BC19F800B79903 /* LaunchScreen.storyboard */; };
		A6D139C023BC19F800B79903 /* FlyportAppTests.swift in Sources */ = {isa = PBXBuildFile; fileRef = A6D139BF23BC19F800B79903 /* FlyportAppTests.swift */; };
		A6D139CE25C86D7200B79903 /* SplashScreenViewModel.swift in Sources */ = {isa = PBXBuildFile; fileRef = A6D139CD25C86D7200B79903 /* SplashScreenViewModel.swift */; };
		A6D139D125C86FD500B79903 /* seguisym.ttf in Resources */ = {isa = PBXBuildFile; fileRef = A6D139D025C86FD500B79903 /* seguisym.ttf */; };
		A6D5167525D443B900BDAC40 /* Sora-Medium.ttf in Resources */ = {isa = PBXBuildFile; fileRef = A6D5167425D443B900BDAC40 /* Sora-Medium.ttf */; };
		A6D5167725D4478100BDAC40 /* FlightCardView.swift in Sources */ = {isa = PBXBuildFile; fileRef = A6D5167625D4478100BDAC40 /* FlightCardView.swift */; };
		A6D5167925D4480C00BDAC40 /* AirlinesEnum.swift in Sources */ = {isa = PBXBuildFile; fileRef = A6D5167825D4480C00BDAC40 /* AirlinesEnum.swift */; };
		A6D7E74E25DC2744009355DC /* NoFlightsCard.swift in Sources */ = {isa = PBXBuildFile; fileRef = A6D7E74D25DC2744009355DC /* NoFlightsCard.swift */; };
		A6DA1DC425C9B05100D1FFDE /* MainScreenViewModel.swift in Sources */ = {isa = PBXBuildFile; fileRef = A6DA1DC325C9B05100D1FFDE /* MainScreenViewModel.swift */; };
		A6DA1DC825C9BBE700D1FFDE /* Margin.swift in Sources */ = {isa = PBXBuildFile; fileRef = A6DA1DC725C9BBE700D1FFDE /* Margin.swift */; };
		A6DA1DCA25C9C3D200D1FFDE /* LoginViewController.swift in Sources */ = {isa = PBXBuildFile; fileRef = A6DA1DC925C9C3D200D1FFDE /* LoginViewController.swift */; };
		A6DA1DCC25C9C40600D1FFDE /* LoginViewModel.swift in Sources */ = {isa = PBXBuildFile; fileRef = A6DA1DCB25C9C40600D1FFDE /* LoginViewModel.swift */; };
		A6DB0E3725D43FD600601D66 /* MyFlightsViewModel.swift in Sources */ = {isa = PBXBuildFile; fileRef = A6DB0E3625D43FD600601D66 /* MyFlightsViewModel.swift */; };
		A6DBD0D025CB09CE0076CC96 /* RegistrationViewModel.swift in Sources */ = {isa = PBXBuildFile; fileRef = A6DBD0CF25CB09CE0076CC96 /* RegistrationViewModel.swift */; };
		A6DBD0D225CB0AAA0076CC96 /* RegistrationViewController.swift in Sources */ = {isa = PBXBuildFile; fileRef = A6DBD0D125CB0AAA0076CC96 /* RegistrationViewController.swift */; };
		A6DBD0D425CB1A3D0076CC96 /* LoginResponse.swift in Sources */ = {isa = PBXBuildFile; fileRef = A6DBD0D325CB1A3D0076CC96 /* LoginResponse.swift */; };
		A6DBD0D625CB1A8C0076CC96 /* LoginRequest.swift in Sources */ = {isa = PBXBuildFile; fileRef = A6DBD0D525CB1A8C0076CC96 /* LoginRequest.swift */; };
		A6DBD0D825CB1CA30076CC96 /* LoginService.swift in Sources */ = {isa = PBXBuildFile; fileRef = A6DBD0D725CB1CA30076CC96 /* LoginService.swift */; };
		A6E7D44225F01E0C00A733F5 /* MapViewModel.swift in Sources */ = {isa = PBXBuildFile; fileRef = A6E7D44125F01E0C00A733F5 /* MapViewModel.swift */; };
		A6E7D44425F01E1F00A733F5 /* MapViewController.swift in Sources */ = {isa = PBXBuildFile; fileRef = A6E7D44325F01E1F00A733F5 /* MapViewController.swift */; };
		A6E7D44625F0204300A733F5 /* MapTypeEnum.swift in Sources */ = {isa = PBXBuildFile; fileRef = A6E7D44525F0204300A733F5 /* MapTypeEnum.swift */; };
		A6F11CB126066AB600D7CA95 /* RegistrationViewModelTests.swift in Sources */ = {isa = PBXBuildFile; fileRef = A6F11CB026066AB600D7CA95 /* RegistrationViewModelTests.swift */; };
		A6F11CB3260679A000D7CA95 /* FlightAirportPointsViewModelTests.swift in Sources */ = {isa = PBXBuildFile; fileRef = A6F11CB2260679A000D7CA95 /* FlightAirportPointsViewModelTests.swift */; };
		A6F517BF25DAE95A00D76AD4 /* StartNewFlightCardView.swift in Sources */ = {isa = PBXBuildFile; fileRef = A6F517BE25DAE95A00D76AD4 /* StartNewFlightCardView.swift */; };
/* End PBXBuildFile section */

/* Begin PBXContainerItemProxy section */
		A6D139BC23BC19F800B79903 /* PBXContainerItemProxy */ = {
			isa = PBXContainerItemProxy;
			containerPortal = A6D1399D23BC19F600B79903 /* Project object */;
			proxyType = 1;
			remoteGlobalIDString = A6D139A423BC19F600B79903;
			remoteInfo = FlyportApp;
		};
/* End PBXContainerItemProxy section */

/* Begin PBXFileReference section */
		2FB26FB0FD68FC67407BC551 /* Pods-FlyportApp.release.xcconfig */ = {isa = PBXFileReference; includeInIndex = 1; lastKnownFileType = text.xcconfig; name = "Pods-FlyportApp.release.xcconfig"; path = "Target Support Files/Pods-FlyportApp/Pods-FlyportApp.release.xcconfig"; sourceTree = "<group>"; };
		6EF89F0C8AB79A0A1C5B7176 /* Pods-FlyportApp.debug.xcconfig */ = {isa = PBXFileReference; includeInIndex = 1; lastKnownFileType = text.xcconfig; name = "Pods-FlyportApp.debug.xcconfig"; path = "Target Support Files/Pods-FlyportApp/Pods-FlyportApp.debug.xcconfig"; sourceTree = "<group>"; };
		980EBCBA9738FBF285DCD88C /* Pods-FlyportAppTests.release.xcconfig */ = {isa = PBXFileReference; includeInIndex = 1; lastKnownFileType = text.xcconfig; name = "Pods-FlyportAppTests.release.xcconfig"; path = "Target Support Files/Pods-FlyportAppTests/Pods-FlyportAppTests.release.xcconfig"; sourceTree = "<group>"; };
		A615311425DECC3A005C8A04 /* ProfileViewModel.swift */ = {isa = PBXFileReference; lastKnownFileType = sourcecode.swift; path = ProfileViewModel.swift; sourceTree = "<group>"; };
		A615311625DEDF9F005C8A04 /* UpdateProfileModel.swift */ = {isa = PBXFileReference; lastKnownFileType = sourcecode.swift; path = UpdateProfileModel.swift; sourceTree = "<group>"; };
		A619B61025E55F5700CA1ACA /* RegisteredLuggageViewModel.swift */ = {isa = PBXFileReference; lastKnownFileType = sourcecode.swift; path = RegisteredLuggageViewModel.swift; sourceTree = "<group>"; };
		A619B61225E55FCA00CA1ACA /* RegisteredLuggageViewController.swift */ = {isa = PBXFileReference; lastKnownFileType = sourcecode.swift; path = RegisteredLuggageViewController.swift; sourceTree = "<group>"; };
		A619B61425E5660500CA1ACA /* RegistrationTableViewModel.swift */ = {isa = PBXFileReference; lastKnownFileType = sourcecode.swift; path = RegistrationTableViewModel.swift; sourceTree = "<group>"; };
		A619B61625E5674800CA1ACA /* AviationSecurityViewModel.swift */ = {isa = PBXFileReference; lastKnownFileType = sourcecode.swift; path = AviationSecurityViewModel.swift; sourceTree = "<group>"; };
		A619B61825E5679900CA1ACA /* PassportControlPostViewModel.swift */ = {isa = PBXFileReference; lastKnownFileType = sourcecode.swift; path = PassportControlPostViewModel.swift; sourceTree = "<group>"; };
		A619B61A25E567E800CA1ACA /* BoardingGatesViewModel.swift */ = {isa = PBXFileReference; lastKnownFileType = sourcecode.swift; path = BoardingGatesViewModel.swift; sourceTree = "<group>"; };
		A619B61C25E5684500CA1ACA /* OnboardingCompletedViewModel.swift */ = {isa = PBXFileReference; lastKnownFileType = sourcecode.swift; path = OnboardingCompletedViewModel.swift; sourceTree = "<group>"; };
		A619B61E25E568BD00CA1ACA /* QRCodeViewModel.swift */ = {isa = PBXFileReference; lastKnownFileType = sourcecode.swift; path = QRCodeViewModel.swift; sourceTree = "<group>"; };
		A619B62025E5694400CA1ACA /* RegistrationTableViewController.swift */ = {isa = PBXFileReference; lastKnownFileType = sourcecode.swift; path = RegistrationTableViewController.swift; sourceTree = "<group>"; };
		A619B62225E5737C00CA1ACA /* AviationSecurityViewController.swift */ = {isa = PBXFileReference; lastKnownFileType = sourcecode.swift; path = AviationSecurityViewController.swift; sourceTree = "<group>"; };
		A619B62425E5752200CA1ACA /* PassportControlViewController.swift */ = {isa = PBXFileReference; lastKnownFileType = sourcecode.swift; path = PassportControlViewController.swift; sourceTree = "<group>"; };
		A619B62625E575A300CA1ACA /* BoardingGatesViewController.swift */ = {isa = PBXFileReference; lastKnownFileType = sourcecode.swift; path = BoardingGatesViewController.swift; sourceTree = "<group>"; };
		A619B62825E576F500CA1ACA /* OnboardingCompletedViewController.swift */ = {isa = PBXFileReference; lastKnownFileType = sourcecode.swift; path = OnboardingCompletedViewController.swift; sourceTree = "<group>"; };
		A61AAF8425D19A9B003A107B /* RegistrationPersonalDataViewController.swift */ = {isa = PBXFileReference; lastKnownFileType = sourcecode.swift; path = RegistrationPersonalDataViewController.swift; sourceTree = "<group>"; };
		A61AAF8625D1B251003A107B /* TabBarViewModel.swift */ = {isa = PBXFileReference; lastKnownFileType = sourcecode.swift; path = TabBarViewModel.swift; sourceTree = "<group>"; };
		A61AAF8825D1B2BA003A107B /* TabBarViewController.swift */ = {isa = PBXFileReference; lastKnownFileType = sourcecode.swift; path = TabBarViewController.swift; sourceTree = "<group>"; };
		A61AAF8A25D1B319003A107B /* ProfileViewController.swift */ = {isa = PBXFileReference; lastKnownFileType = sourcecode.swift; path = ProfileViewController.swift; sourceTree = "<group>"; };
		A61AAF8C25D1B3E4003A107B /* MyFlightsViewController.swift */ = {isa = PBXFileReference; lastKnownFileType = sourcecode.swift; path = MyFlightsViewController.swift; sourceTree = "<group>"; };
		A61AAF8E25D1B478003A107B /* SettingsViewController.swift */ = {isa = PBXFileReference; lastKnownFileType = sourcecode.swift; path = SettingsViewController.swift; sourceTree = "<group>"; };
		A61AAF9025D1BB7E003A107B /* HomeViewController.swift */ = {isa = PBXFileReference; lastKnownFileType = sourcecode.swift; path = HomeViewController.swift; sourceTree = "<group>"; };
		A62DE1842605115A00DC7A0D /* MyFlightsViewModelTests.swift */ = {isa = PBXFileReference; lastKnownFileType = sourcecode.swift; path = MyFlightsViewModelTests.swift; sourceTree = "<group>"; };
		A62DE1862605181300DC7A0D /* TabBarViewModelTests.swift */ = {isa = PBXFileReference; lastKnownFileType = sourcecode.swift; path = TabBarViewModelTests.swift; sourceTree = "<group>"; };
		A62DE188260518F200DC7A0D /* SplashScreenViewModelTests.swift */ = {isa = PBXFileReference; lastKnownFileType = sourcecode.swift; path = SplashScreenViewModelTests.swift; sourceTree = "<group>"; };
		A62DE18A260519A000DC7A0D /* MainScreenViewModelTests.swift */ = {isa = PBXFileReference; lastKnownFileType = sourcecode.swift; path = MainScreenViewModelTests.swift; sourceTree = "<group>"; };
		A62DE18C26051AE800DC7A0D /* LoginViewModelTests.swift */ = {isa = PBXFileReference; lastKnownFileType = sourcecode.swift; path = LoginViewModelTests.swift; sourceTree = "<group>"; };
		A634387425E4159300070784 /* FlightNumberViewController.swift */ = {isa = PBXFileReference; lastKnownFileType = sourcecode.swift; path = FlightNumberViewController.swift; sourceTree = "<group>"; };
		A634387625E415B600070784 /* FlightNumberViewModel.swift */ = {isa = PBXFileReference; lastKnownFileType = sourcecode.swift; path = FlightNumberViewModel.swift; sourceTree = "<group>"; };
		A634387825E428AD00070784 /* FlightDateViewModel.swift */ = {isa = PBXFileReference; lastKnownFileType = sourcecode.swift; path = FlightDateViewModel.swift; sourceTree = "<group>"; };
		A634387A25E4299B00070784 /* FlightDateViewController.swift */ = {isa = PBXFileReference; lastKnownFileType = sourcecode.swift; path = FlightDateViewController.swift; sourceTree = "<group>"; };
		A65EFD4525E6B4520032C0CC /* FlightSearchRequestModel.swift */ = {isa = PBXFileReference; lastKnownFileType = sourcecode.swift; path = FlightSearchRequestModel.swift; sourceTree = "<group>"; };
		A65EFD4725E6B5C90032C0CC /* FlightInfoModel.swift */ = {isa = PBXFileReference; lastKnownFileType = sourcecode.swift; path = FlightInfoModel.swift; sourceTree = "<group>"; };
		A65EFD4925E6B74D0032C0CC /* UserFlightCreationModel.swift */ = {isa = PBXFileReference; lastKnownFileType = sourcecode.swift; path = UserFlightCreationModel.swift; sourceTree = "<group>"; };
		A65EFD4B25E6B7A20032C0CC /* UserFlightCreationResponseModel.swift */ = {isa = PBXFileReference; lastKnownFileType = sourcecode.swift; path = UserFlightCreationResponseModel.swift; sourceTree = "<group>"; };
		A65EFD4F25E6B8730032C0CC /* AirportPointModel.swift */ = {isa = PBXFileReference; lastKnownFileType = sourcecode.swift; path = AirportPointModel.swift; sourceTree = "<group>"; };
		A65EFD5125E6C0020032C0CC /* AirportPointService.swift */ = {isa = PBXFileReference; lastKnownFileType = sourcecode.swift; path = AirportPointService.swift; sourceTree = "<group>"; };
		A65F4E6F260773060039006C /* ProfileViewModelTests.swift */ = {isa = PBXFileReference; lastKnownFileType = sourcecode.swift; path = ProfileViewModelTests.swift; sourceTree = "<group>"; };
		A65F4E7126077D1E0039006C /* FlightNumberViewModelTests.swift */ = {isa = PBXFileReference; lastKnownFileType = sourcecode.swift; path = FlightNumberViewModelTests.swift; sourceTree = "<group>"; };
		A65F4E7326077E450039006C /* FlightDateViewModelTests.swift */ = {isa = PBXFileReference; lastKnownFileType = sourcecode.swift; path = FlightDateViewModelTests.swift; sourceTree = "<group>"; };
		A65F4E75260782050039006C /* RegisteredLuggageViewModelTests.swift */ = {isa = PBXFileReference; lastKnownFileType = sourcecode.swift; path = RegisteredLuggageViewModelTests.swift; sourceTree = "<group>"; };
		A65F4E772607850F0039006C /* RegistrationTableViewModelTests.swift */ = {isa = PBXFileReference; lastKnownFileType = sourcecode.swift; path = RegistrationTableViewModelTests.swift; sourceTree = "<group>"; };
		A65F4E7926078CBE0039006C /* PassportControlPostViewModelTests.swift */ = {isa = PBXFileReference; lastKnownFileType = sourcecode.swift; path = PassportControlPostViewModelTests.swift; sourceTree = "<group>"; };
		A65F4E7B26078E5A0039006C /* BoardingGatesViewModelTests.swift */ = {isa = PBXFileReference; lastKnownFileType = sourcecode.swift; path = BoardingGatesViewModelTests.swift; sourceTree = "<group>"; };
		A65F4E7D26078F710039006C /* OnboardingCompletedViewModelTests.swift */ = {isa = PBXFileReference; lastKnownFileType = sourcecode.swift; path = OnboardingCompletedViewModelTests.swift; sourceTree = "<group>"; };
		A65F4E7F260791580039006C /* QRCodeViewModelTests.swift */ = {isa = PBXFileReference; lastKnownFileType = sourcecode.swift; path = QRCodeViewModelTests.swift; sourceTree = "<group>"; };
		A65F4E81260792C20039006C /* SelectedFlightViewModelTests.swift */ = {isa = PBXFileReference; lastKnownFileType = sourcecode.swift; path = SelectedFlightViewModelTests.swift; sourceTree = "<group>"; };
		A65F4E83260795B70039006C /* MapViewModelTests.swift */ = {isa = PBXFileReference; lastKnownFileType = sourcecode.swift; path = MapViewModelTests.swift; sourceTree = "<group>"; };
		A65F4E85260796EF0039006C /* AirlinesEnumTests.swift */ = {isa = PBXFileReference; lastKnownFileType = sourcecode.swift; path = AirlinesEnumTests.swift; sourceTree = "<group>"; };
		A65F4E87260798300039006C /* RequestURLTests.swift */ = {isa = PBXFileReference; lastKnownFileType = sourcecode.swift; path = RequestURLTests.swift; sourceTree = "<group>"; };
		A67839F025FE3D8F005ADFA3 /* AviationSecurityViewModelTests.swift */ = {isa = PBXFileReference; lastKnownFileType = sourcecode.swift; path = AviationSecurityViewModelTests.swift; sourceTree = "<group>"; };
		A678C1AD25DD76F40079AC05 /* FlightAirportPointModel.swift */ = {isa = PBXFileReference; lastKnownFileType = sourcecode.swift; path = FlightAirportPointModel.swift; sourceTree = "<group>"; };
		A678C1AF25DD77600079AC05 /* FlightAirportPointsModel.swift */ = {isa = PBXFileReference; lastKnownFileType = sourcecode.swift; path = FlightAirportPointsModel.swift; sourceTree = "<group>"; };
		A678C1B125DD79140079AC05 /* FlightAirportPointsViewModel.swift */ = {isa = PBXFileReference; lastKnownFileType = sourcecode.swift; path = FlightAirportPointsViewModel.swift; sourceTree = "<group>"; };
		A678C1B325DD7B140079AC05 /* FlightAirportPointsViewController.swift */ = {isa = PBXFileReference; lastKnownFileType = sourcecode.swift; path = FlightAirportPointsViewController.swift; sourceTree = "<group>"; };
		A678C1B525DD7E4F0079AC05 /* AirportPointCardView.swift */ = {isa = PBXFileReference; lastKnownFileType = sourcecode.swift; path = AirportPointCardView.swift; sourceTree = "<group>"; };
		A67A73AF25C87D3C00F6B7EA /* MainScreenViewController.swift */ = {isa = PBXFileReference; lastKnownFileType = sourcecode.swift; path = MainScreenViewController.swift; sourceTree = "<group>"; };
		A67A73B225C87F9B00F6B7EA /* ServiceKeywords.swift */ = {isa = PBXFileReference; fileEncoding = 4; lastKnownFileType = sourcecode.swift; name = ServiceKeywords.swift; path = ../../../Servers/Services/ServiceKeywords.swift; sourceTree = "<group>"; };
		A67A73B325C87F9C00F6B7EA /* RequestURL.swift */ = {isa = PBXFileReference; fileEncoding = 4; lastKnownFileType = sourcecode.swift; name = RequestURL.swift; path = ../../../Servers/Services/RequestURL.swift; sourceTree = "<group>"; };
		A67A73B525C87F9C00F6B7EA /* Requests.swift */ = {isa = PBXFileReference; fileEncoding = 4; lastKnownFileType = sourcecode.swift; name = Requests.swift; path = ../../../Servers/Services/Requests.swift; sourceTree = "<group>"; };
		A682313B2624A6E300B3B0DB /* LoadingContent.swift */ = {isa = PBXFileReference; lastKnownFileType = sourcecode.swift; path = LoadingContent.swift; sourceTree = "<group>"; };
		A68EA08A25EABA3D00D9442A /* QRCodeViewController.swift */ = {isa = PBXFileReference; lastKnownFileType = sourcecode.swift; path = QRCodeViewController.swift; sourceTree = "<group>"; };
		A68EA08C25EABAC900D9442A /* RegistrationPointQRCodeData.swift */ = {isa = PBXFileReference; lastKnownFileType = sourcecode.swift; path = RegistrationPointQRCodeData.swift; sourceTree = "<group>"; };
		A68FE03F25CC557B003767DB /* InputValidation.swift */ = {isa = PBXFileReference; lastKnownFileType = sourcecode.swift; path = InputValidation.swift; sourceTree = "<group>"; };
		A68FE04125CC55B4003767DB /* StringExtension.swift */ = {isa = PBXFileReference; lastKnownFileType = sourcecode.swift; path = StringExtension.swift; sourceTree = "<group>"; };
		A68FE04325CC5EBC003767DB /* defaultsKeys.swift */ = {isa = PBXFileReference; lastKnownFileType = sourcecode.swift; path = defaultsKeys.swift; sourceTree = "<group>"; };
		A68FE04525CC5F12003767DB /* UserDefaults.swift */ = {isa = PBXFileReference; lastKnownFileType = sourcecode.swift; path = UserDefaults.swift; sourceTree = "<group>"; };
		A68FE04725CC70FB003767DB /* RegistrationRequestModel.swift */ = {isa = PBXFileReference; lastKnownFileType = sourcecode.swift; path = RegistrationRequestModel.swift; sourceTree = "<group>"; };
		A69F8C9D25D2EB6F008884CC /* UserProfileModel.swift */ = {isa = PBXFileReference; lastKnownFileType = sourcecode.swift; path = UserProfileModel.swift; sourceTree = "<group>"; };
		A69F8C9F25D2EB8C008884CC /* UserLoginInfoModel.swift */ = {isa = PBXFileReference; lastKnownFileType = sourcecode.swift; path = UserLoginInfoModel.swift; sourceTree = "<group>"; };
		A69F8CA125D2EB9C008884CC /* UserPersonalInfoModel.swift */ = {isa = PBXFileReference; lastKnownFileType = sourcecode.swift; path = UserPersonalInfoModel.swift; sourceTree = "<group>"; };
		A69F8CA325D3010A008884CC /* UserFlightsService.swift */ = {isa = PBXFileReference; lastKnownFileType = sourcecode.swift; path = UserFlightsService.swift; sourceTree = "<group>"; };
		A69F8CA525D3018D008884CC /* UserFlightModel.swift */ = {isa = PBXFileReference; lastKnownFileType = sourcecode.swift; path = UserFlightModel.swift; sourceTree = "<group>"; };
		A69F8CA725D302AA008884CC /* UserFlightsModel.swift */ = {isa = PBXFileReference; lastKnownFileType = sourcecode.swift; path = UserFlightsModel.swift; sourceTree = "<group>"; };
		A6A7AB8325E7F95A0092371A /* SelectedFlightViewController.swift */ = {isa = PBXFileReference; lastKnownFileType = sourcecode.swift; path = SelectedFlightViewController.swift; sourceTree = "<group>"; };
		A6A7AB8525E7F97A0092371A /* SelectedFlightViewModel.swift */ = {isa = PBXFileReference; lastKnownFileType = sourcecode.swift; path = SelectedFlightViewModel.swift; sourceTree = "<group>"; };
		A6C2E46525FBD11E0062314C /* en */ = {isa = PBXFileReference; lastKnownFileType = text.plist.strings; name = en; path = en.lproj/Localizable.strings; sourceTree = "<group>"; };
		A6C2E46925FBD1C20062314C /* lt-LT */ = {isa = PBXFileReference; lastKnownFileType = text.plist.strings; name = "lt-LT"; path = "lt-LT.lproj/Localizable.strings"; sourceTree = "<group>"; };
		A6C2E46D25FBD4690062314C /* LocalizationKeys.swift */ = {isa = PBXFileReference; lastKnownFileType = sourcecode.swift; path = LocalizationKeys.swift; sourceTree = "<group>"; };
		A6D139A523BC19F600B79903 /* FlyportApp.app */ = {isa = PBXFileReference; explicitFileType = wrapper.application; includeInIndex = 0; path = FlyportApp.app; sourceTree = BUILT_PRODUCTS_DIR; };
		A6D139A823BC19F600B79903 /* AppDelegate.swift */ = {isa = PBXFileReference; lastKnownFileType = sourcecode.swift; path = AppDelegate.swift; sourceTree = "<group>"; };
		A6D139AA23BC19F600B79903 /* SceneDelegate.swift */ = {isa = PBXFileReference; lastKnownFileType = sourcecode.swift; path = SceneDelegate.swift; sourceTree = "<group>"; };
		A6D139AC23BC19F600B79903 /* ViewController.swift */ = {isa = PBXFileReference; lastKnownFileType = sourcecode.swift; path = ViewController.swift; sourceTree = "<group>"; };
		A6D139AF23BC19F600B79903 /* Base */ = {isa = PBXFileReference; lastKnownFileType = file.storyboard; name = Base; path = Base.lproj/Main.storyboard; sourceTree = "<group>"; };
		A6D139B123BC19F800B79903 /* Assets.xcassets */ = {isa = PBXFileReference; lastKnownFileType = folder.assetcatalog; path = Assets.xcassets; sourceTree = "<group>"; };
		A6D139B423BC19F800B79903 /* Base */ = {isa = PBXFileReference; lastKnownFileType = file.storyboard; name = Base; path = Base.lproj/LaunchScreen.storyboard; sourceTree = "<group>"; };
		A6D139B623BC19F800B79903 /* Info.plist */ = {isa = PBXFileReference; lastKnownFileType = text.plist.xml; path = Info.plist; sourceTree = "<group>"; };
		A6D139BB23BC19F800B79903 /* FlyportAppTests.xctest */ = {isa = PBXFileReference; explicitFileType = wrapper.cfbundle; includeInIndex = 0; path = FlyportAppTests.xctest; sourceTree = BUILT_PRODUCTS_DIR; };
		A6D139BF23BC19F800B79903 /* FlyportAppTests.swift */ = {isa = PBXFileReference; lastKnownFileType = sourcecode.swift; path = FlyportAppTests.swift; sourceTree = "<group>"; };
		A6D139C123BC19F800B79903 /* Info.plist */ = {isa = PBXFileReference; lastKnownFileType = text.plist.xml; path = Info.plist; sourceTree = "<group>"; };
		A6D139CD25C86D7200B79903 /* SplashScreenViewModel.swift */ = {isa = PBXFileReference; lastKnownFileType = sourcecode.swift; path = SplashScreenViewModel.swift; sourceTree = "<group>"; };
		A6D139D025C86FD500B79903 /* seguisym.ttf */ = {isa = PBXFileReference; lastKnownFileType = file; name = seguisym.ttf; path = ../../../../Downloads/segoeuisymbol/seguisym.ttf; sourceTree = "<group>"; };
		A6D5167425D443B900BDAC40 /* Sora-Medium.ttf */ = {isa = PBXFileReference; lastKnownFileType = file; path = "Sora-Medium.ttf"; sourceTree = SOURCE_ROOT; };
		A6D5167625D4478100BDAC40 /* FlightCardView.swift */ = {isa = PBXFileReference; lastKnownFileType = sourcecode.swift; path = FlightCardView.swift; sourceTree = "<group>"; };
		A6D5167825D4480C00BDAC40 /* AirlinesEnum.swift */ = {isa = PBXFileReference; lastKnownFileType = sourcecode.swift; path = AirlinesEnum.swift; sourceTree = "<group>"; };
		A6D7E74D25DC2744009355DC /* NoFlightsCard.swift */ = {isa = PBXFileReference; lastKnownFileType = sourcecode.swift; path = NoFlightsCard.swift; sourceTree = "<group>"; };
		A6DA1DC325C9B05100D1FFDE /* MainScreenViewModel.swift */ = {isa = PBXFileReference; lastKnownFileType = sourcecode.swift; path = MainScreenViewModel.swift; sourceTree = "<group>"; };
		A6DA1DC725C9BBE700D1FFDE /* Margin.swift */ = {isa = PBXFileReference; lastKnownFileType = sourcecode.swift; path = Margin.swift; sourceTree = "<group>"; };
		A6DA1DC925C9C3D200D1FFDE /* LoginViewController.swift */ = {isa = PBXFileReference; lastKnownFileType = sourcecode.swift; path = LoginViewController.swift; sourceTree = "<group>"; };
		A6DA1DCB25C9C40600D1FFDE /* LoginViewModel.swift */ = {isa = PBXFileReference; lastKnownFileType = sourcecode.swift; path = LoginViewModel.swift; sourceTree = "<group>"; };
		A6DB0E3625D43FD600601D66 /* MyFlightsViewModel.swift */ = {isa = PBXFileReference; lastKnownFileType = sourcecode.swift; path = MyFlightsViewModel.swift; sourceTree = "<group>"; };
		A6DBD0CF25CB09CE0076CC96 /* RegistrationViewModel.swift */ = {isa = PBXFileReference; lastKnownFileType = sourcecode.swift; path = RegistrationViewModel.swift; sourceTree = "<group>"; };
		A6DBD0D125CB0AAA0076CC96 /* RegistrationViewController.swift */ = {isa = PBXFileReference; lastKnownFileType = sourcecode.swift; path = RegistrationViewController.swift; sourceTree = "<group>"; };
		A6DBD0D325CB1A3D0076CC96 /* LoginResponse.swift */ = {isa = PBXFileReference; lastKnownFileType = sourcecode.swift; path = LoginResponse.swift; sourceTree = "<group>"; };
		A6DBD0D525CB1A8C0076CC96 /* LoginRequest.swift */ = {isa = PBXFileReference; lastKnownFileType = sourcecode.swift; path = LoginRequest.swift; sourceTree = "<group>"; };
		A6DBD0D725CB1CA30076CC96 /* LoginService.swift */ = {isa = PBXFileReference; lastKnownFileType = sourcecode.swift; path = LoginService.swift; sourceTree = "<group>"; };
		A6E7D44125F01E0C00A733F5 /* MapViewModel.swift */ = {isa = PBXFileReference; lastKnownFileType = sourcecode.swift; path = MapViewModel.swift; sourceTree = "<group>"; };
		A6E7D44325F01E1F00A733F5 /* MapViewController.swift */ = {isa = PBXFileReference; lastKnownFileType = sourcecode.swift; path = MapViewController.swift; sourceTree = "<group>"; };
		A6E7D44525F0204300A733F5 /* MapTypeEnum.swift */ = {isa = PBXFileReference; lastKnownFileType = sourcecode.swift; path = MapTypeEnum.swift; sourceTree = "<group>"; };
		A6F11CB026066AB600D7CA95 /* RegistrationViewModelTests.swift */ = {isa = PBXFileReference; lastKnownFileType = sourcecode.swift; path = RegistrationViewModelTests.swift; sourceTree = "<group>"; };
		A6F11CB2260679A000D7CA95 /* FlightAirportPointsViewModelTests.swift */ = {isa = PBXFileReference; lastKnownFileType = sourcecode.swift; path = FlightAirportPointsViewModelTests.swift; sourceTree = "<group>"; };
		A6F517BE25DAE95A00D76AD4 /* StartNewFlightCardView.swift */ = {isa = PBXFileReference; lastKnownFileType = sourcecode.swift; path = StartNewFlightCardView.swift; sourceTree = "<group>"; };
		B33808837DF25450B0493444 /* Pods-FlyportAppTests.debug.xcconfig */ = {isa = PBXFileReference; includeInIndex = 1; lastKnownFileType = text.xcconfig; name = "Pods-FlyportAppTests.debug.xcconfig"; path = "Target Support Files/Pods-FlyportAppTests/Pods-FlyportAppTests.debug.xcconfig"; sourceTree = "<group>"; };
/* End PBXFileReference section */

/* Begin PBXFrameworksBuildPhase section */
		A6D139A223BC19F600B79903 /* Frameworks */ = {
			isa = PBXFrameworksBuildPhase;
			buildActionMask = 2147483647;
			files = (
				A6B4782A261CAE2800FD1165 /* NVActivityIndicatorView in Frameworks */,
				A6B4782C261CAE2800FD1165 /* NVActivityIndicatorViewExtended in Frameworks */,
			);
			runOnlyForDeploymentPostprocessing = 0;
		};
		A6D139B823BC19F800B79903 /* Frameworks */ = {
			isa = PBXFrameworksBuildPhase;
			buildActionMask = 2147483647;
			files = (
			);
			runOnlyForDeploymentPostprocessing = 0;
		};
/* End PBXFrameworksBuildPhase section */

/* Begin PBXGroup section */
		14CFAC7044C3765190A5EA23 /* Frameworks */ = {
			isa = PBXGroup;
			children = (
			);
			name = Frameworks;
			sourceTree = "<group>";
		};
		9B3B658B40BF9576FF075F25 /* Pods */ = {
			isa = PBXGroup;
			children = (
				6EF89F0C8AB79A0A1C5B7176 /* Pods-FlyportApp.debug.xcconfig */,
				2FB26FB0FD68FC67407BC551 /* Pods-FlyportApp.release.xcconfig */,
				B33808837DF25450B0493444 /* Pods-FlyportAppTests.debug.xcconfig */,
				980EBCBA9738FBF285DCD88C /* Pods-FlyportAppTests.release.xcconfig */,
			);
			path = Pods;
			sourceTree = "<group>";
		};
		A67A73B125C87F7C00F6B7EA /* Services */ = {
			isa = PBXGroup;
			children = (
				A67A73B525C87F9C00F6B7EA /* Requests.swift */,
				A67A73B325C87F9C00F6B7EA /* RequestURL.swift */,
				A67A73B225C87F9B00F6B7EA /* ServiceKeywords.swift */,
				A6DBD0D725CB1CA30076CC96 /* LoginService.swift */,
				A69F8CA325D3010A008884CC /* UserFlightsService.swift */,
				A65EFD5125E6C0020032C0CC /* AirportPointService.swift */,
			);
			path = Services;
			sourceTree = "<group>";
		};
		A68FE03E25CC555A003767DB /* Validation */ = {
			isa = PBXGroup;
			children = (
				A68FE03F25CC557B003767DB /* InputValidation.swift */,
			);
			path = Validation;
			sourceTree = "<group>";
		};
		A6D1399C23BC19F600B79903 = {
			isa = PBXGroup;
			children = (
				A6D139A723BC19F600B79903 /* FlyportApp */,
				A6D139BE23BC19F800B79903 /* FlyportAppTests */,
				A6D139A623BC19F600B79903 /* Products */,
				9B3B658B40BF9576FF075F25 /* Pods */,
				14CFAC7044C3765190A5EA23 /* Frameworks */,
			);
			sourceTree = "<group>";
		};
		A6D139A623BC19F600B79903 /* Products */ = {
			isa = PBXGroup;
			children = (
				A6D139A523BC19F600B79903 /* FlyportApp.app */,
				A6D139BB23BC19F800B79903 /* FlyportAppTests.xctest */,
			);
			name = Products;
			sourceTree = "<group>";
		};
		A6D139A723BC19F600B79903 /* FlyportApp */ = {
			isa = PBXGroup;
			children = (
				A68FE03E25CC555A003767DB /* Validation */,
				A6DA1DC525C9BBC200D1FFDE /* Extensions */,
				A67A73B125C87F7C00F6B7EA /* Services */,
				A6D139CF25C86FB100B79903 /* Fonts */,
				A6D139CC25C86D4700B79903 /* Models */,
				A6D139CB25C86D3F00B79903 /* ViewModels */,
				A6D139CA25C86D2E00B79903 /* ViewControllers */,
				A6D139A823BC19F600B79903 /* AppDelegate.swift */,
				A6D139AA23BC19F600B79903 /* SceneDelegate.swift */,
				A6D139AE23BC19F600B79903 /* Main.storyboard */,
				A6D139B123BC19F800B79903 /* Assets.xcassets */,
				A6D139B323BC19F800B79903 /* LaunchScreen.storyboard */,
				A6D139B623BC19F800B79903 /* Info.plist */,
				A6C2E46425FBD1110062314C /* Localizable.strings */,
				A6C2E46A25FBD1C20062314C /* Localizable.strings */,
				A6C2E46D25FBD4690062314C /* LocalizationKeys.swift */,
			);
			path = FlyportApp;
			sourceTree = "<group>";
		};
		A6D139BE23BC19F800B79903 /* FlyportAppTests */ = {
			isa = PBXGroup;
			children = (
				A6D139BF23BC19F800B79903 /* FlyportAppTests.swift */,
				A6D139C123BC19F800B79903 /* Info.plist */,
				A67839F025FE3D8F005ADFA3 /* AviationSecurityViewModelTests.swift */,
				A62DE1842605115A00DC7A0D /* MyFlightsViewModelTests.swift */,
				A62DE1862605181300DC7A0D /* TabBarViewModelTests.swift */,
				A62DE188260518F200DC7A0D /* SplashScreenViewModelTests.swift */,
				A62DE18A260519A000DC7A0D /* MainScreenViewModelTests.swift */,
				A62DE18C26051AE800DC7A0D /* LoginViewModelTests.swift */,
				A6F11CB026066AB600D7CA95 /* RegistrationViewModelTests.swift */,
				A6F11CB2260679A000D7CA95 /* FlightAirportPointsViewModelTests.swift */,
				A65F4E6F260773060039006C /* ProfileViewModelTests.swift */,
				A65F4E7126077D1E0039006C /* FlightNumberViewModelTests.swift */,
				A65F4E7326077E450039006C /* FlightDateViewModelTests.swift */,
				A65F4E75260782050039006C /* RegisteredLuggageViewModelTests.swift */,
				A65F4E772607850F0039006C /* RegistrationTableViewModelTests.swift */,
				A65F4E7926078CBE0039006C /* PassportControlPostViewModelTests.swift */,
				A65F4E7B26078E5A0039006C /* BoardingGatesViewModelTests.swift */,
				A65F4E7D26078F710039006C /* OnboardingCompletedViewModelTests.swift */,
				A65F4E7F260791580039006C /* QRCodeViewModelTests.swift */,
				A65F4E81260792C20039006C /* SelectedFlightViewModelTests.swift */,
				A65F4E83260795B70039006C /* MapViewModelTests.swift */,
				A65F4E85260796EF0039006C /* AirlinesEnumTests.swift */,
				A65F4E87260798300039006C /* RequestURLTests.swift */,
			);
			path = FlyportAppTests;
			sourceTree = "<group>";
		};
		A6D139CA25C86D2E00B79903 /* ViewControllers */ = {
			isa = PBXGroup;
			children = (
				A6D139AC23BC19F600B79903 /* ViewController.swift */,
				A67A73AF25C87D3C00F6B7EA /* MainScreenViewController.swift */,
				A6DA1DC925C9C3D200D1FFDE /* LoginViewController.swift */,
				A6DBD0D125CB0AAA0076CC96 /* RegistrationViewController.swift */,
				A61AAF8425D19A9B003A107B /* RegistrationPersonalDataViewController.swift */,
				A61AAF8825D1B2BA003A107B /* TabBarViewController.swift */,
				A61AAF8A25D1B319003A107B /* ProfileViewController.swift */,
				A61AAF8C25D1B3E4003A107B /* MyFlightsViewController.swift */,
				A61AAF8E25D1B478003A107B /* SettingsViewController.swift */,
				A61AAF9025D1BB7E003A107B /* HomeViewController.swift */,
				A6D5167625D4478100BDAC40 /* FlightCardView.swift */,
				A6F517BE25DAE95A00D76AD4 /* StartNewFlightCardView.swift */,
				A6D7E74D25DC2744009355DC /* NoFlightsCard.swift */,
				A678C1B325DD7B140079AC05 /* FlightAirportPointsViewController.swift */,
				A678C1B525DD7E4F0079AC05 /* AirportPointCardView.swift */,
				A634387425E4159300070784 /* FlightNumberViewController.swift */,
				A634387A25E4299B00070784 /* FlightDateViewController.swift */,
				A619B61225E55FCA00CA1ACA /* RegisteredLuggageViewController.swift */,
				A619B62025E5694400CA1ACA /* RegistrationTableViewController.swift */,
				A619B62225E5737C00CA1ACA /* AviationSecurityViewController.swift */,
				A619B62425E5752200CA1ACA /* PassportControlViewController.swift */,
				A619B62625E575A300CA1ACA /* BoardingGatesViewController.swift */,
				A619B62825E576F500CA1ACA /* OnboardingCompletedViewController.swift */,
				A6A7AB8325E7F95A0092371A /* SelectedFlightViewController.swift */,
				A68EA08A25EABA3D00D9442A /* QRCodeViewController.swift */,
				A6E7D44325F01E1F00A733F5 /* MapViewController.swift */,
			);
			path = ViewControllers;
			sourceTree = "<group>";
		};
		A6D139CB25C86D3F00B79903 /* ViewModels */ = {
			isa = PBXGroup;
			children = (
				A6DB0E3625D43FD600601D66 /* MyFlightsViewModel.swift */,
				A61AAF8625D1B251003A107B /* TabBarViewModel.swift */,
				A6D139CD25C86D7200B79903 /* SplashScreenViewModel.swift */,
				A6DA1DC325C9B05100D1FFDE /* MainScreenViewModel.swift */,
				A6DA1DCB25C9C40600D1FFDE /* LoginViewModel.swift */,
				A6DBD0CF25CB09CE0076CC96 /* RegistrationViewModel.swift */,
				A678C1B125DD79140079AC05 /* FlightAirportPointsViewModel.swift */,
				A615311425DECC3A005C8A04 /* ProfileViewModel.swift */,
				A634387625E415B600070784 /* FlightNumberViewModel.swift */,
				A634387825E428AD00070784 /* FlightDateViewModel.swift */,
				A619B61025E55F5700CA1ACA /* RegisteredLuggageViewModel.swift */,
				A619B61425E5660500CA1ACA /* RegistrationTableViewModel.swift */,
				A619B61625E5674800CA1ACA /* AviationSecurityViewModel.swift */,
				A619B61825E5679900CA1ACA /* PassportControlPostViewModel.swift */,
				A619B61A25E567E800CA1ACA /* BoardingGatesViewModel.swift */,
				A619B61C25E5684500CA1ACA /* OnboardingCompletedViewModel.swift */,
				A619B61E25E568BD00CA1ACA /* QRCodeViewModel.swift */,
				A6A7AB8525E7F97A0092371A /* SelectedFlightViewModel.swift */,
				A6E7D44125F01E0C00A733F5 /* MapViewModel.swift */,
			);
			path = ViewModels;
			sourceTree = "<group>";
		};
		A6D139CC25C86D4700B79903 /* Models */ = {
			isa = PBXGroup;
			children = (
				A6DBD0D325CB1A3D0076CC96 /* LoginResponse.swift */,
				A6DBD0D525CB1A8C0076CC96 /* LoginRequest.swift */,
				A68FE04725CC70FB003767DB /* RegistrationRequestModel.swift */,
				A69F8C9D25D2EB6F008884CC /* UserProfileModel.swift */,
				A69F8C9F25D2EB8C008884CC /* UserLoginInfoModel.swift */,
				A69F8CA125D2EB9C008884CC /* UserPersonalInfoModel.swift */,
				A69F8CA525D3018D008884CC /* UserFlightModel.swift */,
				A69F8CA725D302AA008884CC /* UserFlightsModel.swift */,
				A678C1AD25DD76F40079AC05 /* FlightAirportPointModel.swift */,
				A678C1AF25DD77600079AC05 /* FlightAirportPointsModel.swift */,
				A615311625DEDF9F005C8A04 /* UpdateProfileModel.swift */,
				A65EFD4525E6B4520032C0CC /* FlightSearchRequestModel.swift */,
				A65EFD4725E6B5C90032C0CC /* FlightInfoModel.swift */,
				A65EFD4925E6B74D0032C0CC /* UserFlightCreationModel.swift */,
				A65EFD4B25E6B7A20032C0CC /* UserFlightCreationResponseModel.swift */,
				A65EFD4F25E6B8730032C0CC /* AirportPointModel.swift */,
				A68EA08C25EABAC900D9442A /* RegistrationPointQRCodeData.swift */,
			);
			path = Models;
			sourceTree = "<group>";
		};
		A6D139CF25C86FB100B79903 /* Fonts */ = {
			isa = PBXGroup;
			children = (
				A6D5167425D443B900BDAC40 /* Sora-Medium.ttf */,
				A6D139D025C86FD500B79903 /* seguisym.ttf */,
			);
			path = Fonts;
			sourceTree = "<group>";
		};
		A6DA1DC525C9BBC200D1FFDE /* Extensions */ = {
			isa = PBXGroup;
			children = (
				A6DA1DC725C9BBE700D1FFDE /* Margin.swift */,
				A68FE04125CC55B4003767DB /* StringExtension.swift */,
				A68FE04325CC5EBC003767DB /* defaultsKeys.swift */,
				A68FE04525CC5F12003767DB /* UserDefaults.swift */,
				A6D5167825D4480C00BDAC40 /* AirlinesEnum.swift */,
				A6E7D44525F0204300A733F5 /* MapTypeEnum.swift */,
				A682313B2624A6E300B3B0DB /* LoadingContent.swift */,
			);
			path = Extensions;
			sourceTree = "<group>";
		};
/* End PBXGroup section */

/* Begin PBXNativeTarget section */
		A6D139A423BC19F600B79903 /* FlyportApp */ = {
			isa = PBXNativeTarget;
			buildConfigurationList = A6D139C423BC19F800B79903 /* Build configuration list for PBXNativeTarget "FlyportApp" */;
			buildPhases = (
				5357FC8748AB15CB1FBF4B0F /* [CP] Check Pods Manifest.lock */,
				A6D139A123BC19F600B79903 /* Sources */,
				A6D139A223BC19F600B79903 /* Frameworks */,
				A6D139A323BC19F600B79903 /* Resources */,
				4DA07A27D6820DB3423AE950 /* [CP] Embed Pods Frameworks */,
				122E32DE784A447448A9DFE9 /* [CP] Copy Pods Resources */,
			);
			buildRules = (
			);
			dependencies = (
			);
			name = FlyportApp;
			packageProductDependencies = (
				A6B47829261CAE2800FD1165 /* NVActivityIndicatorView */,
				A6B4782B261CAE2800FD1165 /* NVActivityIndicatorViewExtended */,
			);
			productName = FlyportApp;
			productReference = A6D139A523BC19F600B79903 /* FlyportApp.app */;
			productType = "com.apple.product-type.application";
		};
		A6D139BA23BC19F800B79903 /* FlyportAppTests */ = {
			isa = PBXNativeTarget;
			buildConfigurationList = A6D139C723BC19F800B79903 /* Build configuration list for PBXNativeTarget "FlyportAppTests" */;
			buildPhases = (
				BF3E0A9B22B942CC1D90BB16 /* [CP] Check Pods Manifest.lock */,
				A6D139B723BC19F800B79903 /* Sources */,
				A6D139B823BC19F800B79903 /* Frameworks */,
				A6D139B923BC19F800B79903 /* Resources */,
			);
			buildRules = (
			);
			dependencies = (
				A6D139BD23BC19F800B79903 /* PBXTargetDependency */,
			);
			name = FlyportAppTests;
			productName = FlyportAppTests;
			productReference = A6D139BB23BC19F800B79903 /* FlyportAppTests.xctest */;
			productType = "com.apple.product-type.bundle.unit-test";
		};
/* End PBXNativeTarget section */

/* Begin PBXProject section */
		A6D1399D23BC19F600B79903 /* Project object */ = {
			isa = PBXProject;
			attributes = {
				LastSwiftUpdateCheck = 1140;
				LastUpgradeCheck = 1140;
				ORGANIZATIONNAME = "Dovydas Kiriliauskas";
				TargetAttributes = {
					A6D139A423BC19F600B79903 = {
						CreatedOnToolsVersion = 11.4;
					};
					A6D139BA23BC19F800B79903 = {
						CreatedOnToolsVersion = 11.4;
						TestTargetID = A6D139A423BC19F600B79903;
					};
				};
			};
			buildConfigurationList = A6D139A023BC19F600B79903 /* Build configuration list for PBXProject "FlyportApp" */;
			compatibilityVersion = "Xcode 9.3";
			developmentRegion = en;
			hasScannedForEncodings = 0;
			knownRegions = (
				en,
				Base,
				"lt-LT",
			);
			mainGroup = A6D1399C23BC19F600B79903;
			packageReferences = (
				A6B47828261CAE2800FD1165 /* XCRemoteSwiftPackageReference "NVActivityIndicatorView" */,
			);
			productRefGroup = A6D139A623BC19F600B79903 /* Products */;
			projectDirPath = "";
			projectRoot = "";
			targets = (
				A6D139A423BC19F600B79903 /* FlyportApp */,
				A6D139BA23BC19F800B79903 /* FlyportAppTests */,
			);
		};
/* End PBXProject section */

/* Begin PBXResourcesBuildPhase section */
		A6D139A323BC19F600B79903 /* Resources */ = {
			isa = PBXResourcesBuildPhase;
			buildActionMask = 2147483647;
			files = (
				A6D139B523BC19F800B79903 /* LaunchScreen.storyboard in Resources */,
				A6C2E46225FBD1110062314C /* Localizable.strings in Resources */,
				A6D5167525D443B900BDAC40 /* Sora-Medium.ttf in Resources */,
				A6C2E46825FBD1C20062314C /* Localizable.strings in Resources */,
				A6D139B223BC19F800B79903 /* Assets.xcassets in Resources */,
				A6D139D125C86FD500B79903 /* seguisym.ttf in Resources */,
				A6D139B023BC19F600B79903 /* Main.storyboard in Resources */,
			);
			runOnlyForDeploymentPostprocessing = 0;
		};
		A6D139B923BC19F800B79903 /* Resources */ = {
			isa = PBXResourcesBuildPhase;
			buildActionMask = 2147483647;
			files = (
			);
			runOnlyForDeploymentPostprocessing = 0;
		};
/* End PBXResourcesBuildPhase section */

/* Begin PBXShellScriptBuildPhase section */
		122E32DE784A447448A9DFE9 /* [CP] Copy Pods Resources */ = {
			isa = PBXShellScriptBuildPhase;
			buildActionMask = 2147483647;
			files = (
			);
			inputFileListPaths = (
				"${PODS_ROOT}/Target Support Files/Pods-FlyportApp/Pods-FlyportApp-resources-${CONFIGURATION}-input-files.xcfilelist",
			);
			name = "[CP] Copy Pods Resources";
			outputFileListPaths = (
				"${PODS_ROOT}/Target Support Files/Pods-FlyportApp/Pods-FlyportApp-resources-${CONFIGURATION}-output-files.xcfilelist",
			);
			runOnlyForDeploymentPostprocessing = 0;
			shellPath = /bin/sh;
			shellScript = "\"${PODS_ROOT}/Target Support Files/Pods-FlyportApp/Pods-FlyportApp-resources.sh\"\n";
			showEnvVarsInLog = 0;
		};
		4DA07A27D6820DB3423AE950 /* [CP] Embed Pods Frameworks */ = {
			isa = PBXShellScriptBuildPhase;
			buildActionMask = 2147483647;
			files = (
			);
			inputFileListPaths = (
				"${PODS_ROOT}/Target Support Files/Pods-FlyportApp/Pods-FlyportApp-frameworks-${CONFIGURATION}-input-files.xcfilelist",
			);
			name = "[CP] Embed Pods Frameworks";
			outputFileListPaths = (
				"${PODS_ROOT}/Target Support Files/Pods-FlyportApp/Pods-FlyportApp-frameworks-${CONFIGURATION}-output-files.xcfilelist",
			);
			runOnlyForDeploymentPostprocessing = 0;
			shellPath = /bin/sh;
			shellScript = "\"${PODS_ROOT}/Target Support Files/Pods-FlyportApp/Pods-FlyportApp-frameworks.sh\"\n";
			showEnvVarsInLog = 0;
		};
		5357FC8748AB15CB1FBF4B0F /* [CP] Check Pods Manifest.lock */ = {
			isa = PBXShellScriptBuildPhase;
			buildActionMask = 2147483647;
			files = (
			);
			inputFileListPaths = (
			);
			inputPaths = (
				"${PODS_PODFILE_DIR_PATH}/Podfile.lock",
				"${PODS_ROOT}/Manifest.lock",
			);
			name = "[CP] Check Pods Manifest.lock";
			outputFileListPaths = (
			);
			outputPaths = (
				"$(DERIVED_FILE_DIR)/Pods-FlyportApp-checkManifestLockResult.txt",
			);
			runOnlyForDeploymentPostprocessing = 0;
			shellPath = /bin/sh;
			shellScript = "diff \"${PODS_PODFILE_DIR_PATH}/Podfile.lock\" \"${PODS_ROOT}/Manifest.lock\" > /dev/null\nif [ $? != 0 ] ; then\n    # print error to STDERR\n    echo \"error: The sandbox is not in sync with the Podfile.lock. Run 'pod install' or update your CocoaPods installation.\" >&2\n    exit 1\nfi\n# This output is used by Xcode 'outputs' to avoid re-running this script phase.\necho \"SUCCESS\" > \"${SCRIPT_OUTPUT_FILE_0}\"\n";
			showEnvVarsInLog = 0;
		};
		BF3E0A9B22B942CC1D90BB16 /* [CP] Check Pods Manifest.lock */ = {
			isa = PBXShellScriptBuildPhase;
			buildActionMask = 2147483647;
			files = (
			);
			inputFileListPaths = (
			);
			inputPaths = (
				"${PODS_PODFILE_DIR_PATH}/Podfile.lock",
				"${PODS_ROOT}/Manifest.lock",
			);
			name = "[CP] Check Pods Manifest.lock";
			outputFileListPaths = (
			);
			outputPaths = (
				"$(DERIVED_FILE_DIR)/Pods-FlyportAppTests-checkManifestLockResult.txt",
			);
			runOnlyForDeploymentPostprocessing = 0;
			shellPath = /bin/sh;
			shellScript = "diff \"${PODS_PODFILE_DIR_PATH}/Podfile.lock\" \"${PODS_ROOT}/Manifest.lock\" > /dev/null\nif [ $? != 0 ] ; then\n    # print error to STDERR\n    echo \"error: The sandbox is not in sync with the Podfile.lock. Run 'pod install' or update your CocoaPods installation.\" >&2\n    exit 1\nfi\n# This output is used by Xcode 'outputs' to avoid re-running this script phase.\necho \"SUCCESS\" > \"${SCRIPT_OUTPUT_FILE_0}\"\n";
			showEnvVarsInLog = 0;
		};
/* End PBXShellScriptBuildPhase section */

/* Begin PBXSourcesBuildPhase section */
		A6D139A123BC19F600B79903 /* Sources */ = {
			isa = PBXSourcesBuildPhase;
			buildActionMask = 2147483647;
			files = (
				A69F8CA425D3010A008884CC /* UserFlightsService.swift in Sources */,
				A6DBD0D825CB1CA30076CC96 /* LoginService.swift in Sources */,
				A634387525E4159300070784 /* FlightNumberViewController.swift in Sources */,
				A6DA1DCA25C9C3D200D1FFDE /* LoginViewController.swift in Sources */,
				A619B61925E5679900CA1ACA /* PassportControlPostViewModel.swift in Sources */,
				A6DBD0D625CB1A8C0076CC96 /* LoginRequest.swift in Sources */,
				A67A73B025C87D3C00F6B7EA /* MainScreenViewController.swift in Sources */,
				A6E7D44425F01E1F00A733F5 /* MapViewController.swift in Sources */,
				A69F8C9E25D2EB6F008884CC /* UserProfileModel.swift in Sources */,
				A61AAF8D25D1B3E4003A107B /* MyFlightsViewController.swift in Sources */,
				A634387B25E4299B00070784 /* FlightDateViewController.swift in Sources */,
				A65EFD5225E6C0020032C0CC /* AirportPointService.swift in Sources */,
				A619B62325E5737C00CA1ACA /* AviationSecurityViewController.swift in Sources */,
				A65EFD4825E6B5C90032C0CC /* FlightInfoModel.swift in Sources */,
				A6DA1DC425C9B05100D1FFDE /* MainScreenViewModel.swift in Sources */,
				A68FE04625CC5F12003767DB /* UserDefaults.swift in Sources */,
				A61AAF8525D19A9B003A107B /* RegistrationPersonalDataViewController.swift in Sources */,
				A615311725DEDF9F005C8A04 /* UpdateProfileModel.swift in Sources */,
				A6DBD0D025CB09CE0076CC96 /* RegistrationViewModel.swift in Sources */,
				A619B61725E5674800CA1ACA /* AviationSecurityViewModel.swift in Sources */,
				A65EFD4A25E6B74D0032C0CC /* UserFlightCreationModel.swift in Sources */,
				A69F8CA025D2EB8C008884CC /* UserLoginInfoModel.swift in Sources */,
				A6D139AD23BC19F600B79903 /* ViewController.swift in Sources */,
				A6D5167925D4480C00BDAC40 /* AirlinesEnum.swift in Sources */,
				A6D7E74E25DC2744009355DC /* NoFlightsCard.swift in Sources */,
				A6DBD0D425CB1A3D0076CC96 /* LoginResponse.swift in Sources */,
				A619B61325E55FCA00CA1ACA /* RegisteredLuggageViewController.swift in Sources */,
				A6DB0E3725D43FD600601D66 /* MyFlightsViewModel.swift in Sources */,
				A634387925E428AD00070784 /* FlightDateViewModel.swift in Sources */,
				A68EA08B25EABA3D00D9442A /* QRCodeViewController.swift in Sources */,
				A61AAF8B25D1B319003A107B /* ProfileViewController.swift in Sources */,
				A682313C2624A6E300B3B0DB /* LoadingContent.swift in Sources */,
				A678C1B625DD7E4F0079AC05 /* AirportPointCardView.swift in Sources */,
				A67A73B925C87F9C00F6B7EA /* Requests.swift in Sources */,
				A65EFD5025E6B8730032C0CC /* AirportPointModel.swift in Sources */,
				A619B61D25E5684500CA1ACA /* OnboardingCompletedViewModel.swift in Sources */,
				A68FE04825CC70FB003767DB /* RegistrationRequestModel.swift in Sources */,
				A619B61525E5660500CA1ACA /* RegistrationTableViewModel.swift in Sources */,
				A67A73B625C87F9C00F6B7EA /* ServiceKeywords.swift in Sources */,
				A61AAF8925D1B2BA003A107B /* TabBarViewController.swift in Sources */,
				A619B62925E576F500CA1ACA /* OnboardingCompletedViewController.swift in Sources */,
				A68EA08D25EABAC900D9442A /* RegistrationPointQRCodeData.swift in Sources */,
				A619B61B25E567E800CA1ACA /* BoardingGatesViewModel.swift in Sources */,
				A69F8CA825D302AA008884CC /* UserFlightsModel.swift in Sources */,
				A6D139CE25C86D7200B79903 /* SplashScreenViewModel.swift in Sources */,
				A678C1AE25DD76F40079AC05 /* FlightAirportPointModel.swift in Sources */,
				A619B61125E55F5700CA1ACA /* RegisteredLuggageViewModel.swift in Sources */,
				A69F8CA625D3018D008884CC /* UserFlightModel.swift in Sources */,
				A6E7D44625F0204300A733F5 /* MapTypeEnum.swift in Sources */,
				A6C2E46E25FBD4690062314C /* LocalizationKeys.swift in Sources */,
				A68FE04425CC5EBC003767DB /* defaultsKeys.swift in Sources */,
				A619B61F25E568BD00CA1ACA /* QRCodeViewModel.swift in Sources */,
				A6DBD0D225CB0AAA0076CC96 /* RegistrationViewController.swift in Sources */,
				A619B62725E575A300CA1ACA /* BoardingGatesViewController.swift in Sources */,
				A678C1B025DD77600079AC05 /* FlightAirportPointsModel.swift in Sources */,
				A61AAF9125D1BB7E003A107B /* HomeViewController.swift in Sources */,
				A634387725E415B600070784 /* FlightNumberViewModel.swift in Sources */,
				A69F8CA225D2EB9C008884CC /* UserPersonalInfoModel.swift in Sources */,
				A619B62525E5752200CA1ACA /* PassportControlViewController.swift in Sources */,
				A6D5167725D4478100BDAC40 /* FlightCardView.swift in Sources */,
				A6E7D44225F01E0C00A733F5 /* MapViewModel.swift in Sources */,
				A61AAF8725D1B251003A107B /* TabBarViewModel.swift in Sources */,
				A6DA1DCC25C9C40600D1FFDE /* LoginViewModel.swift in Sources */,
				A68FE04025CC557B003767DB /* InputValidation.swift in Sources */,
				A65EFD4625E6B4520032C0CC /* FlightSearchRequestModel.swift in Sources */,
				A67A73B725C87F9C00F6B7EA /* RequestURL.swift in Sources */,
				A6A7AB8625E7F97A0092371A /* SelectedFlightViewModel.swift in Sources */,
				A61AAF8F25D1B478003A107B /* SettingsViewController.swift in Sources */,
				A615311525DECC3A005C8A04 /* ProfileViewModel.swift in Sources */,
				A678C1B425DD7B140079AC05 /* FlightAirportPointsViewController.swift in Sources */,
				A6D139A923BC19F600B79903 /* AppDelegate.swift in Sources */,
				A68FE04225CC55B4003767DB /* StringExtension.swift in Sources */,
				A6D139AB23BC19F600B79903 /* SceneDelegate.swift in Sources */,
				A6F517BF25DAE95A00D76AD4 /* StartNewFlightCardView.swift in Sources */,
				A678C1B225DD79140079AC05 /* FlightAirportPointsViewModel.swift in Sources */,
				A619B62125E5694400CA1ACA /* RegistrationTableViewController.swift in Sources */,
				A65EFD4C25E6B7A20032C0CC /* UserFlightCreationResponseModel.swift in Sources */,
				A6DA1DC825C9BBE700D1FFDE /* Margin.swift in Sources */,
				A6A7AB8425E7F95A0092371A /* SelectedFlightViewController.swift in Sources */,
			);
			runOnlyForDeploymentPostprocessing = 0;
		};
		A6D139B723BC19F800B79903 /* Sources */ = {
			isa = PBXSourcesBuildPhase;
			buildActionMask = 2147483647;
			files = (
				A65F4E86260796EF0039006C /* AirlinesEnumTests.swift in Sources */,
				A65F4E70260773060039006C /* ProfileViewModelTests.swift in Sources */,
				A6F11CB3260679A000D7CA95 /* FlightAirportPointsViewModelTests.swift in Sources */,
				A65F4E80260791580039006C /* QRCodeViewModelTests.swift in Sources */,
				A65F4E84260795B70039006C /* MapViewModelTests.swift in Sources */,
				A65F4E76260782050039006C /* RegisteredLuggageViewModelTests.swift in Sources */,
				A62DE189260518F200DC7A0D /* SplashScreenViewModelTests.swift in Sources */,
				A62DE1872605181300DC7A0D /* TabBarViewModelTests.swift in Sources */,
				A65F4E7226077D1E0039006C /* FlightNumberViewModelTests.swift in Sources */,
				A6F11CB126066AB600D7CA95 /* RegistrationViewModelTests.swift in Sources */,
				A6D139C023BC19F800B79903 /* FlyportAppTests.swift in Sources */,
				A65F4E782607850F0039006C /* RegistrationTableViewModelTests.swift in Sources */,
				A65F4E7E26078F710039006C /* OnboardingCompletedViewModelTests.swift in Sources */,
				A62DE18B260519A000DC7A0D /* MainScreenViewModelTests.swift in Sources */,
				A65F4E7426077E450039006C /* FlightDateViewModelTests.swift in Sources */,
				A65F4E88260798300039006C /* RequestURLTests.swift in Sources */,
				A67839F125FE3D8F005ADFA3 /* AviationSecurityViewModelTests.swift in Sources */,
				A62DE18D26051AE800DC7A0D /* LoginViewModelTests.swift in Sources */,
				A62DE1852605115A00DC7A0D /* MyFlightsViewModelTests.swift in Sources */,
				A65F4E82260792C20039006C /* SelectedFlightViewModelTests.swift in Sources */,
				A65F4E7A26078CBE0039006C /* PassportControlPostViewModelTests.swift in Sources */,
				A65F4E7C26078E5A0039006C /* BoardingGatesViewModelTests.swift in Sources */,
			);
			runOnlyForDeploymentPostprocessing = 0;
		};
/* End PBXSourcesBuildPhase section */

/* Begin PBXTargetDependency section */
		A6D139BD23BC19F800B79903 /* PBXTargetDependency */ = {
			isa = PBXTargetDependency;
			target = A6D139A423BC19F600B79903 /* FlyportApp */;
			targetProxy = A6D139BC23BC19F800B79903 /* PBXContainerItemProxy */;
		};
/* End PBXTargetDependency section */

/* Begin PBXVariantGroup section */
		A6C2E46425FBD1110062314C /* Localizable.strings */ = {
			isa = PBXVariantGroup;
			children = (
				A6C2E46525FBD11E0062314C /* en */,
			);
			name = Localizable.strings;
			sourceTree = "<group>";
		};
		A6C2E46A25FBD1C20062314C /* Localizable.strings */ = {
			isa = PBXVariantGroup;
			children = (
				A6C2E46925FBD1C20062314C /* lt-LT */,
			);
			name = Localizable.strings;
			sourceTree = "<group>";
		};
		A6D139AE23BC19F600B79903 /* Main.storyboard */ = {
			isa = PBXVariantGroup;
			children = (
				A6D139AF23BC19F600B79903 /* Base */,
			);
			name = Main.storyboard;
			sourceTree = "<group>";
		};
		A6D139B323BC19F800B79903 /* LaunchScreen.storyboard */ = {
			isa = PBXVariantGroup;
			children = (
				A6D139B423BC19F800B79903 /* Base */,
			);
			name = LaunchScreen.storyboard;
			sourceTree = "<group>";
		};
/* End PBXVariantGroup section */

/* Begin XCBuildConfiguration section */
		A6D139C223BC19F800B79903 /* Debug */ = {
			isa = XCBuildConfiguration;
			buildSettings = {
				ALWAYS_SEARCH_USER_PATHS = NO;
				CLANG_ANALYZER_LOCALIZABILITY_NONLOCALIZED = YES;
				CLANG_ANALYZER_NONNULL = YES;
				CLANG_ANALYZER_NUMBER_OBJECT_CONVERSION = YES_AGGRESSIVE;
				CLANG_CXX_LANGUAGE_STANDARD = "gnu++14";
				CLANG_CXX_LIBRARY = "libc++";
				CLANG_ENABLE_MODULES = YES;
				CLANG_ENABLE_OBJC_ARC = YES;
				CLANG_ENABLE_OBJC_WEAK = YES;
				CLANG_WARN_BLOCK_CAPTURE_AUTORELEASING = YES;
				CLANG_WARN_BOOL_CONVERSION = YES;
				CLANG_WARN_COMMA = YES;
				CLANG_WARN_CONSTANT_CONVERSION = YES;
				CLANG_WARN_DEPRECATED_OBJC_IMPLEMENTATIONS = YES;
				CLANG_WARN_DIRECT_OBJC_ISA_USAGE = YES_ERROR;
				CLANG_WARN_DOCUMENTATION_COMMENTS = YES;
				CLANG_WARN_EMPTY_BODY = YES;
				CLANG_WARN_ENUM_CONVERSION = YES;
				CLANG_WARN_INFINITE_RECURSION = YES;
				CLANG_WARN_INT_CONVERSION = YES;
				CLANG_WARN_NON_LITERAL_NULL_CONVERSION = YES;
				CLANG_WARN_OBJC_IMPLICIT_RETAIN_SELF = YES;
				CLANG_WARN_OBJC_LITERAL_CONVERSION = YES;
				CLANG_WARN_OBJC_ROOT_CLASS = YES_ERROR;
				CLANG_WARN_RANGE_LOOP_ANALYSIS = YES;
				CLANG_WARN_STRICT_PROTOTYPES = YES;
				CLANG_WARN_SUSPICIOUS_MOVE = YES;
				CLANG_WARN_UNGUARDED_AVAILABILITY = YES_AGGRESSIVE;
				CLANG_WARN_UNREACHABLE_CODE = YES;
				CLANG_WARN__DUPLICATE_METHOD_MATCH = YES;
				COPY_PHASE_STRIP = NO;
				DEBUG_INFORMATION_FORMAT = dwarf;
				ENABLE_STRICT_OBJC_MSGSEND = YES;
				ENABLE_TESTABILITY = YES;
				GCC_C_LANGUAGE_STANDARD = gnu11;
				GCC_DYNAMIC_NO_PIC = NO;
				GCC_NO_COMMON_BLOCKS = YES;
				GCC_OPTIMIZATION_LEVEL = 0;
				GCC_PREPROCESSOR_DEFINITIONS = (
					"DEBUG=1",
					"$(inherited)",
				);
				GCC_WARN_64_TO_32_BIT_CONVERSION = YES;
				GCC_WARN_ABOUT_RETURN_TYPE = YES_ERROR;
				GCC_WARN_UNDECLARED_SELECTOR = YES;
				GCC_WARN_UNINITIALIZED_AUTOS = YES_AGGRESSIVE;
				GCC_WARN_UNUSED_FUNCTION = YES;
				GCC_WARN_UNUSED_VARIABLE = YES;
				IPHONEOS_DEPLOYMENT_TARGET = 13.4;
				MTL_ENABLE_DEBUG_INFO = INCLUDE_SOURCE;
				MTL_FAST_MATH = YES;
				ONLY_ACTIVE_ARCH = YES;
				SDKROOT = iphoneos;
				SWIFT_ACTIVE_COMPILATION_CONDITIONS = DEBUG;
				SWIFT_OPTIMIZATION_LEVEL = "-Onone";
			};
			name = Debug;
		};
		A6D139C323BC19F800B79903 /* Release */ = {
			isa = XCBuildConfiguration;
			buildSettings = {
				ALWAYS_SEARCH_USER_PATHS = NO;
				CLANG_ANALYZER_LOCALIZABILITY_NONLOCALIZED = YES;
				CLANG_ANALYZER_NONNULL = YES;
				CLANG_ANALYZER_NUMBER_OBJECT_CONVERSION = YES_AGGRESSIVE;
				CLANG_CXX_LANGUAGE_STANDARD = "gnu++14";
				CLANG_CXX_LIBRARY = "libc++";
				CLANG_ENABLE_MODULES = YES;
				CLANG_ENABLE_OBJC_ARC = YES;
				CLANG_ENABLE_OBJC_WEAK = YES;
				CLANG_WARN_BLOCK_CAPTURE_AUTORELEASING = YES;
				CLANG_WARN_BOOL_CONVERSION = YES;
				CLANG_WARN_COMMA = YES;
				CLANG_WARN_CONSTANT_CONVERSION = YES;
				CLANG_WARN_DEPRECATED_OBJC_IMPLEMENTATIONS = YES;
				CLANG_WARN_DIRECT_OBJC_ISA_USAGE = YES_ERROR;
				CLANG_WARN_DOCUMENTATION_COMMENTS = YES;
				CLANG_WARN_EMPTY_BODY = YES;
				CLANG_WARN_ENUM_CONVERSION = YES;
				CLANG_WARN_INFINITE_RECURSION = YES;
				CLANG_WARN_INT_CONVERSION = YES;
				CLANG_WARN_NON_LITERAL_NULL_CONVERSION = YES;
				CLANG_WARN_OBJC_IMPLICIT_RETAIN_SELF = YES;
				CLANG_WARN_OBJC_LITERAL_CONVERSION = YES;
				CLANG_WARN_OBJC_ROOT_CLASS = YES_ERROR;
				CLANG_WARN_RANGE_LOOP_ANALYSIS = YES;
				CLANG_WARN_STRICT_PROTOTYPES = YES;
				CLANG_WARN_SUSPICIOUS_MOVE = YES;
				CLANG_WARN_UNGUARDED_AVAILABILITY = YES_AGGRESSIVE;
				CLANG_WARN_UNREACHABLE_CODE = YES;
				CLANG_WARN__DUPLICATE_METHOD_MATCH = YES;
				COPY_PHASE_STRIP = NO;
				DEBUG_INFORMATION_FORMAT = "dwarf-with-dsym";
				ENABLE_NS_ASSERTIONS = NO;
				ENABLE_STRICT_OBJC_MSGSEND = YES;
				GCC_C_LANGUAGE_STANDARD = gnu11;
				GCC_NO_COMMON_BLOCKS = YES;
				GCC_WARN_64_TO_32_BIT_CONVERSION = YES;
				GCC_WARN_ABOUT_RETURN_TYPE = YES_ERROR;
				GCC_WARN_UNDECLARED_SELECTOR = YES;
				GCC_WARN_UNINITIALIZED_AUTOS = YES_AGGRESSIVE;
				GCC_WARN_UNUSED_FUNCTION = YES;
				GCC_WARN_UNUSED_VARIABLE = YES;
				IPHONEOS_DEPLOYMENT_TARGET = 13.4;
				MTL_ENABLE_DEBUG_INFO = NO;
				MTL_FAST_MATH = YES;
				SDKROOT = iphoneos;
				SWIFT_COMPILATION_MODE = wholemodule;
				SWIFT_OPTIMIZATION_LEVEL = "-O";
				VALIDATE_PRODUCT = YES;
			};
			name = Release;
		};
		A6D139C523BC19F800B79903 /* Debug */ = {
			isa = XCBuildConfiguration;
			baseConfigurationReference = 6EF89F0C8AB79A0A1C5B7176 /* Pods-FlyportApp.debug.xcconfig */;
			buildSettings = {
				ASSETCATALOG_COMPILER_APPICON_NAME = AppIcon;
				CODE_SIGN_STYLE = Automatic;
				DEVELOPMENT_TEAM = RJF27S23KQ;
				INFOPLIST_FILE = FlyportApp/Info.plist;
				IPHONEOS_DEPLOYMENT_TARGET = 13.4;
				LD_RUNPATH_SEARCH_PATHS = (
					"$(inherited)",
					"@executable_path/Frameworks",
				);
				PRODUCT_BUNDLE_IDENTIFIER = Flyport.FlyportApp;
				PRODUCT_NAME = "$(TARGET_NAME)";
				SWIFT_VERSION = 5.0;
				TARGETED_DEVICE_FAMILY = "1,2";
			};
			name = Debug;
		};
		A6D139C623BC19F800B79903 /* Release */ = {
			isa = XCBuildConfiguration;
			baseConfigurationReference = 2FB26FB0FD68FC67407BC551 /* Pods-FlyportApp.release.xcconfig */;
			buildSettings = {
				ASSETCATALOG_COMPILER_APPICON_NAME = AppIcon;
				CODE_SIGN_STYLE = Automatic;
				DEVELOPMENT_TEAM = RJF27S23KQ;
				INFOPLIST_FILE = FlyportApp/Info.plist;
				IPHONEOS_DEPLOYMENT_TARGET = 13.4;
				LD_RUNPATH_SEARCH_PATHS = (
					"$(inherited)",
					"@executable_path/Frameworks",
				);
				PRODUCT_BUNDLE_IDENTIFIER = Flyport.FlyportApp;
				PRODUCT_NAME = "$(TARGET_NAME)";
				SWIFT_VERSION = 5.0;
				TARGETED_DEVICE_FAMILY = "1,2";
			};
			name = Release;
		};
		A6D139C823BC19F800B79903 /* Debug */ = {
			isa = XCBuildConfiguration;
			baseConfigurationReference = B33808837DF25450B0493444 /* Pods-FlyportAppTests.debug.xcconfig */;
			buildSettings = {
				ALWAYS_EMBED_SWIFT_STANDARD_LIBRARIES = NO;
				BUNDLE_LOADER = "$(TEST_HOST)";
				CODE_SIGN_STYLE = Automatic;
				DEVELOPMENT_TEAM = RJF27S23KQ;
				INFOPLIST_FILE = FlyportAppTests/Info.plist;
				IPHONEOS_DEPLOYMENT_TARGET = 13.4;
				LD_RUNPATH_SEARCH_PATHS = (
					"$(inherited)",
					"@executable_path/Frameworks",
					"@loader_path/Frameworks",
				);
				PRODUCT_BUNDLE_IDENTIFIER = Flyport.FlyportAppTests;
				PRODUCT_NAME = "$(TARGET_NAME)";
				SWIFT_VERSION = 5.0;
				TARGETED_DEVICE_FAMILY = "1,2";
				TEST_HOST = "$(BUILT_PRODUCTS_DIR)/FlyportApp.app/FlyportApp";
			};
			name = Debug;
		};
		A6D139C923BC19F800B79903 /* Release */ = {
			isa = XCBuildConfiguration;
			baseConfigurationReference = 980EBCBA9738FBF285DCD88C /* Pods-FlyportAppTests.release.xcconfig */;
			buildSettings = {
				ALWAYS_EMBED_SWIFT_STANDARD_LIBRARIES = NO;
				BUNDLE_LOADER = "$(TEST_HOST)";
				CODE_SIGN_STYLE = Automatic;
				DEVELOPMENT_TEAM = RJF27S23KQ;
				INFOPLIST_FILE = FlyportAppTests/Info.plist;
				IPHONEOS_DEPLOYMENT_TARGET = 13.4;
				LD_RUNPATH_SEARCH_PATHS = (
					"$(inherited)",
					"@executable_path/Frameworks",
					"@loader_path/Frameworks",
				);
				PRODUCT_BUNDLE_IDENTIFIER = Flyport.FlyportAppTests;
				PRODUCT_NAME = "$(TARGET_NAME)";
				SWIFT_VERSION = 5.0;
				TARGETED_DEVICE_FAMILY = "1,2";
				TEST_HOST = "$(BUILT_PRODUCTS_DIR)/FlyportApp.app/FlyportApp";
			};
			name = Release;
		};
/* End XCBuildConfiguration section */

/* Begin XCConfigurationList section */
		A6D139A023BC19F600B79903 /* Build configuration list for PBXProject "FlyportApp" */ = {
			isa = XCConfigurationList;
			buildConfigurations = (
				A6D139C223BC19F800B79903 /* Debug */,
				A6D139C323BC19F800B79903 /* Release */,
			);
			defaultConfigurationIsVisible = 0;
			defaultConfigurationName = Release;
		};
		A6D139C423BC19F800B79903 /* Build configuration list for PBXNativeTarget "FlyportApp" */ = {
			isa = XCConfigurationList;
			buildConfigurations = (
				A6D139C523BC19F800B79903 /* Debug */,
				A6D139C623BC19F800B79903 /* Release */,
			);
			defaultConfigurationIsVisible = 0;
			defaultConfigurationName = Release;
		};
		A6D139C723BC19F800B79903 /* Build configuration list for PBXNativeTarget "FlyportAppTests" */ = {
			isa = XCConfigurationList;
			buildConfigurations = (
				A6D139C823BC19F800B79903 /* Debug */,
				A6D139C923BC19F800B79903 /* Release */,
			);
			defaultConfigurationIsVisible = 0;
			defaultConfigurationName = Release;
		};
/* End XCConfigurationList section */

/* Begin XCRemoteSwiftPackageReference section */
		A6B47828261CAE2800FD1165 /* XCRemoteSwiftPackageReference "NVActivityIndicatorView" */ = {
			isa = XCRemoteSwiftPackageReference;
			repositoryURL = "https://github.com/ninjaprox/NVActivityIndicatorView.git";
			requirement = {
				kind = upToNextMajorVersion;
				minimumVersion = 5.1.1;
			};
		};
/* End XCRemoteSwiftPackageReference section */

/* Begin XCSwiftPackageProductDependency section */
		A6B47829261CAE2800FD1165 /* NVActivityIndicatorView */ = {
			isa = XCSwiftPackageProductDependency;
			package = A6B47828261CAE2800FD1165 /* XCRemoteSwiftPackageReference "NVActivityIndicatorView" */;
			productName = NVActivityIndicatorView;
		};
		A6B4782B261CAE2800FD1165 /* NVActivityIndicatorViewExtended */ = {
			isa = XCSwiftPackageProductDependency;
			package = A6B47828261CAE2800FD1165 /* XCRemoteSwiftPackageReference "NVActivityIndicatorView" */;
			productName = NVActivityIndicatorViewExtended;
		};
/* End XCSwiftPackageProductDependency section */
	};
	rootObject = A6D1399D23BC19F600B79903 /* Project object */;
}
